// !$*UTF8*$!
{
	archiveVersion = 1;
	classes = {
	};
	objectVersion = 46;
	objects = {

/* Begin PBXBuildFile section */
		6D0039E118E314EC00D6C9E3 /* Foundation.framework in Frameworks */ = {isa = PBXBuildFile; fileRef = 6D0039E018E314EC00D6C9E3 /* Foundation.framework */; };
		6D0039E318E314EC00D6C9E3 /* CoreGraphics.framework in Frameworks */ = {isa = PBXBuildFile; fileRef = 6D0039E218E314EC00D6C9E3 /* CoreGraphics.framework */; };
		6D0039E518E314EC00D6C9E3 /* UIKit.framework in Frameworks */ = {isa = PBXBuildFile; fileRef = 6D0039E418E314EC00D6C9E3 /* UIKit.framework */; };
		6D0039EB18E314EC00D6C9E3 /* InfoPlist.strings in Resources */ = {isa = PBXBuildFile; fileRef = 6D0039E918E314EC00D6C9E3 /* InfoPlist.strings */; };
		6D0039ED18E314EC00D6C9E3 /* main.m in Sources */ = {isa = PBXBuildFile; fileRef = 6D0039EC18E314EC00D6C9E3 /* main.m */; };
		6D0039F118E314EC00D6C9E3 /* AppDelegate.m in Sources */ = {isa = PBXBuildFile; fileRef = 6D0039F018E314EC00D6C9E3 /* AppDelegate.m */; };
		6D0039F718E314EC00D6C9E3 /* Main_iPad.storyboard in Resources */ = {isa = PBXBuildFile; fileRef = 6D0039F518E314EC00D6C9E3 /* Main_iPad.storyboard */; };
		6D0039FA18E314EC00D6C9E3 /* SignController.m in Sources */ = {isa = PBXBuildFile; fileRef = 6D0039F918E314EC00D6C9E3 /* SignController.m */; };
		6D0039FC18E314EC00D6C9E3 /* Images.xcassets in Resources */ = {isa = PBXBuildFile; fileRef = 6D0039FB18E314EC00D6C9E3 /* Images.xcassets */; };
		6D003A0318E314EC00D6C9E3 /* XCTest.framework in Frameworks */ = {isa = PBXBuildFile; fileRef = 6D003A0218E314EC00D6C9E3 /* XCTest.framework */; };
		6D003A0418E314EC00D6C9E3 /* Foundation.framework in Frameworks */ = {isa = PBXBuildFile; fileRef = 6D0039E018E314EC00D6C9E3 /* Foundation.framework */; };
		6D003A0518E314EC00D6C9E3 /* UIKit.framework in Frameworks */ = {isa = PBXBuildFile; fileRef = 6D0039E418E314EC00D6C9E3 /* UIKit.framework */; };
		6D003A0D18E314ED00D6C9E3 /* InfoPlist.strings in Resources */ = {isa = PBXBuildFile; fileRef = 6D003A0B18E314ED00D6C9E3 /* InfoPlist.strings */; };
		6D003A0F18E314ED00D6C9E3 /* iZicabTests.m in Sources */ = {isa = PBXBuildFile; fileRef = 6D003A0E18E314ED00D6C9E3 /* iZicabTests.m */; };
		6D3161D618E97AE6005ABB3E /* ResaMineCell.m in Sources */ = {isa = PBXBuildFile; fileRef = 6D3161D518E97AE6005ABB3E /* ResaMineCell.m */; };
		6D3161DC18E98505005ABB3E /* ConnectionData.m in Sources */ = {isa = PBXBuildFile; fileRef = 6D3161DB18E98505005ABB3E /* ConnectionData.m */; };
		6D3161DF18E9AD89005ABB3E /* UserInfoSingleton.m in Sources */ = {isa = PBXBuildFile; fileRef = 6D3161DE18E9AD89005ABB3E /* UserInfoSingleton.m */; };
		6D53B95418E578370012C12A /* CustomNavBar.m in Sources */ = {isa = PBXBuildFile; fileRef = 6D53B95318E578370012C12A /* CustomNavBar.m */; };
		6D53B96A18E586FC0012C12A /* Roboto-Black.ttf in Resources */ = {isa = PBXBuildFile; fileRef = 6D53B95818E586FC0012C12A /* Roboto-Black.ttf */; };
		6D53B96B18E586FC0012C12A /* Roboto-BlackItalic.ttf in Resources */ = {isa = PBXBuildFile; fileRef = 6D53B95918E586FC0012C12A /* Roboto-BlackItalic.ttf */; };
		6D53B96C18E586FC0012C12A /* Roboto-Bold.ttf in Resources */ = {isa = PBXBuildFile; fileRef = 6D53B95A18E586FC0012C12A /* Roboto-Bold.ttf */; };
		6D53B96D18E586FC0012C12A /* Roboto-BoldItalic.ttf in Resources */ = {isa = PBXBuildFile; fileRef = 6D53B95B18E586FC0012C12A /* Roboto-BoldItalic.ttf */; };
		6D53B96E18E586FC0012C12A /* Roboto-Italic.ttf in Resources */ = {isa = PBXBuildFile; fileRef = 6D53B95C18E586FC0012C12A /* Roboto-Italic.ttf */; };
		6D53B96F18E586FC0012C12A /* Roboto-Light.ttf in Resources */ = {isa = PBXBuildFile; fileRef = 6D53B95D18E586FC0012C12A /* Roboto-Light.ttf */; };
		6D53B97018E586FC0012C12A /* Roboto-LightItalic.ttf in Resources */ = {isa = PBXBuildFile; fileRef = 6D53B95E18E586FC0012C12A /* Roboto-LightItalic.ttf */; };
		6D53B97118E586FC0012C12A /* Roboto-Medium.ttf in Resources */ = {isa = PBXBuildFile; fileRef = 6D53B95F18E586FC0012C12A /* Roboto-Medium.ttf */; };
		6D53B97218E586FC0012C12A /* Roboto-MediumItalic.ttf in Resources */ = {isa = PBXBuildFile; fileRef = 6D53B96018E586FC0012C12A /* Roboto-MediumItalic.ttf */; };
		6D53B97318E586FC0012C12A /* Roboto-Regular.ttf in Resources */ = {isa = PBXBuildFile; fileRef = 6D53B96118E586FC0012C12A /* Roboto-Regular.ttf */; };
		6D53B97418E586FC0012C12A /* Roboto-Thin.ttf in Resources */ = {isa = PBXBuildFile; fileRef = 6D53B96218E586FC0012C12A /* Roboto-Thin.ttf */; };
		6D53B97518E586FC0012C12A /* Roboto-ThinItalic.ttf in Resources */ = {isa = PBXBuildFile; fileRef = 6D53B96318E586FC0012C12A /* Roboto-ThinItalic.ttf */; };
		6D53B97618E586FC0012C12A /* RobotoCondensed-Bold.ttf in Resources */ = {isa = PBXBuildFile; fileRef = 6D53B96418E586FC0012C12A /* RobotoCondensed-Bold.ttf */; };
		6D53B97718E586FC0012C12A /* RobotoCondensed-BoldItalic.ttf in Resources */ = {isa = PBXBuildFile; fileRef = 6D53B96518E586FC0012C12A /* RobotoCondensed-BoldItalic.ttf */; };
		6D53B97818E586FC0012C12A /* RobotoCondensed-Italic.ttf in Resources */ = {isa = PBXBuildFile; fileRef = 6D53B96618E586FC0012C12A /* RobotoCondensed-Italic.ttf */; };
		6D53B97918E586FC0012C12A /* RobotoCondensed-Light.ttf in Resources */ = {isa = PBXBuildFile; fileRef = 6D53B96718E586FC0012C12A /* RobotoCondensed-Light.ttf */; };
		6D53B97A18E586FC0012C12A /* RobotoCondensed-LightItalic.ttf in Resources */ = {isa = PBXBuildFile; fileRef = 6D53B96818E586FC0012C12A /* RobotoCondensed-LightItalic.ttf */; };
		6D53B97B18E586FC0012C12A /* RobotoCondensed-Regular.ttf in Resources */ = {isa = PBXBuildFile; fileRef = 6D53B96918E586FC0012C12A /* RobotoCondensed-Regular.ttf */; };
		6D53B97E18E58E4E0012C12A /* ResaMineViewController.m in Sources */ = {isa = PBXBuildFile; fileRef = 6D53B97D18E58E4E0012C12A /* ResaMineViewController.m */; };
		6D53B98118E58EAF0012C12A /* AccountViewController.m in Sources */ = {isa = PBXBuildFile; fileRef = 6D53B98018E58EAF0012C12A /* AccountViewController.m */; };
		6D53B98418E5901D0012C12A /* RecapViewController.m in Sources */ = {isa = PBXBuildFile; fileRef = 6D53B98318E5901D0012C12A /* RecapViewController.m */; };
		6D53B98718E591C60012C12A /* InvoiceViewController.m in Sources */ = {isa = PBXBuildFile; fileRef = 6D53B98618E591C60012C12A /* InvoiceViewController.m */; };
		6D53B98A18E59CB10012C12A /* ActuViewController.m in Sources */ = {isa = PBXBuildFile; fileRef = 6D53B98918E59CB10012C12A /* ActuViewController.m */; };
		6D53B98D18E59D330012C12A /* ShareViewController.m in Sources */ = {isa = PBXBuildFile; fileRef = 6D53B98C18E59D330012C12A /* ShareViewController.m */; };
		6D53B99318E5A7730012C12A /* ActuCell.m in Sources */ = {isa = PBXBuildFile; fileRef = 6D53B99218E5A7730012C12A /* ActuCell.m */; };
		6D53B99518E5A7A50012C12A /* ActuCellView.xib in Resources */ = {isa = PBXBuildFile; fileRef = 6D53B99418E5A7A50012C12A /* ActuCellView.xib */; };
		6D53B99718E5BBBB0012C12A /* Main_iPhone.storyboard in Resources */ = {isa = PBXBuildFile; fileRef = 6D53B99618E5BBBB0012C12A /* Main_iPhone.storyboard */; };
		6D53B99A18E5BDCF0012C12A /* ActuDetailViewController.m in Sources */ = {isa = PBXBuildFile; fileRef = 6D53B99918E5BDCF0012C12A /* ActuDetailViewController.m */; };
		6D53B99C18E5C2F70012C12A /* ResaMineCell.xib in Resources */ = {isa = PBXBuildFile; fileRef = 6D53B99B18E5C2F70012C12A /* ResaMineCell.xib */; };
		6D58EFA4190A64A00066D975 /* Reachability.m in Sources */ = {isa = PBXBuildFile; fileRef = 6D58EFA3190A64A00066D975 /* Reachability.m */; };
		6D5EFC821907CE8300B69F31 /* CustomViewController.m in Sources */ = {isa = PBXBuildFile; fileRef = 6D5EFC811907CE8300B69F31 /* CustomViewController.m */; };
		6D83735018E46A94005A6709 /* DashboardViewController.m in Sources */ = {isa = PBXBuildFile; fileRef = 6D83734E18E46A94005A6709 /* DashboardViewController.m */; };
		6D83735318E46C01005A6709 /* MapKit.framework in Frameworks */ = {isa = PBXBuildFile; fileRef = 6D83735218E46C01005A6709 /* MapKit.framework */; };
		6D83736318E47586005A6709 /* ElementAppli-01.png in Resources */ = {isa = PBXBuildFile; fileRef = 6D83735E18E47586005A6709 /* ElementAppli-01.png */; };
		6D83736A18E476A8005A6709 /* ReservationViewController.m in Sources */ = {isa = PBXBuildFile; fileRef = 6D83736918E476A8005A6709 /* ReservationViewController.m */; };
		6D83736D18E47E6B005A6709 /* DashboardSegue.m in Sources */ = {isa = PBXBuildFile; fileRef = 6D83736C18E47E6B005A6709 /* DashboardSegue.m */; };
		6D83737018E48A4D005A6709 /* MapViewController.m in Sources */ = {isa = PBXBuildFile; fileRef = 6D83736F18E48A4D005A6709 /* MapViewController.m */; };
		6D83737A18E49EAF005A6709 /* datB.png in Resources */ = {isa = PBXBuildFile; fileRef = 6D83737918E49EAF005A6709 /* datB.png */; };
		6DA2AF8A18FD314300E91C5A /* SearchAddressTableViewController.m in Sources */ = {isa = PBXBuildFile; fileRef = 6DA2AF8918FD314300E91C5A /* SearchAddressTableViewController.m */; };
		6DAE0BB91901313F00E8158D /* TutoViewController.m in Sources */ = {isa = PBXBuildFile; fileRef = 6DAE0BB81901313F00E8158D /* TutoViewController.m */; };
		6DAE0BBC1901314E00E8158D /* TarifsViewController.m in Sources */ = {isa = PBXBuildFile; fileRef = 6DAE0BBB1901314E00E8158D /* TarifsViewController.m */; };
		6DAE0BBF1901315900E8158D /* CGUViewController.m in Sources */ = {isa = PBXBuildFile; fileRef = 6DAE0BBE1901315900E8158D /* CGUViewController.m */; };
		6DAE0BC219013ABA00E8158D /* PageViewController.m in Sources */ = {isa = PBXBuildFile; fileRef = 6DAE0BC119013ABA00E8158D /* PageViewController.m */; };
		6DAE0BC619018C2F00E8158D /* tuto4.png in Resources */ = {isa = PBXBuildFile; fileRef = 6DAE0BC519018C2F00E8158D /* tuto4.png */; };
		6DAF56AD18F4198100E5C844 /* fondu@2X.png in Resources */ = {isa = PBXBuildFile; fileRef = 6DAF56AB18F4198100E5C844 /* fondu@2X.png */; };
		6DAF56AF18F41EEF00E5C844 /* bg@2x.png in Resources */ = {isa = PBXBuildFile; fileRef = 6DAF56AE18F41EEF00E5C844 /* bg@2x.png */; };
		6DCF52FC18E4394A0037A10C /* SignUpViewController.m in Sources */ = {isa = PBXBuildFile; fileRef = 6DCF52FB18E4394A0037A10C /* SignUpViewController.m */; };
		6DCF52FF18E43BAD0037A10C /* NavigationControlViewController.m in Sources */ = {isa = PBXBuildFile; fileRef = 6DCF52FE18E43BAD0037A10C /* NavigationControlViewController.m */; };
		6DCF530818E44A2B0037A10C /* SignInViewController.m in Sources */ = {isa = PBXBuildFile; fileRef = 6DCF530718E44A2B0037A10C /* SignInViewController.m */; };
		6DCF530E18E451530037A10C /* CodeViewController.m in Sources */ = {isa = PBXBuildFile; fileRef = 6DCF530C18E451520037A10C /* CodeViewController.m */; };
		E30010ED18EC06EB00551FA7 /* Pin.png in Resources */ = {isa = PBXBuildFile; fileRef = E30010EC18EC06EB00551FA7 /* Pin.png */; };
		E30010EF18EC073E00551FA7 /* Pin.png in Resources */ = {isa = PBXBuildFile; fileRef = E30010EE18EC073E00551FA7 /* Pin.png */; };
		E30010F118EC110000551FA7 /* resa@2x.png in Resources */ = {isa = PBXBuildFile; fileRef = E30010F018EC110000551FA7 /* resa@2x.png */; };
		E30D1CC418EC1EFE00252F1C /* pinDepart@2x.png in Resources */ = {isa = PBXBuildFile; fileRef = E30D1CC218EC1EFE00252F1C /* pinDepart@2x.png */; };
		E30D1CC618EC275500252F1C /* bigLogo@2x.png in Resources */ = {isa = PBXBuildFile; fileRef = E30D1CC518EC275500252F1C /* bigLogo@2x.png */; };
		E30D1CC818EC31FE00252F1C /* inscription@2x.png in Resources */ = {isa = PBXBuildFile; fileRef = E30D1CC718EC31FE00252F1C /* inscription@2x.png */; };
		E30D1CCC18EC33A400252F1C /* connexion@2x.png in Resources */ = {isa = PBXBuildFile; fileRef = E30D1CCB18EC33A400252F1C /* connexion@2x.png */; };
		E30D1CD218EC663000252F1C /* mail@2x.png in Resources */ = {isa = PBXBuildFile; fileRef = E30D1CCD18EC663000252F1C /* mail@2x.png */; };
		E30D1CD318EC663000252F1C /* sms@2x.png in Resources */ = {isa = PBXBuildFile; fileRef = E30D1CCE18EC663000252F1C /* sms@2x.png */; };
		E30D1CD418EC663000252F1C /* twitter@2x.png in Resources */ = {isa = PBXBuildFile; fileRef = E30D1CCF18EC663000252F1C /* twitter@2x.png */; };
		E30D1CD518EC663000252F1C /* linkedin@2x.png in Resources */ = {isa = PBXBuildFile; fileRef = E30D1CD018EC663000252F1C /* linkedin@2x.png */; };
		E30D1CD618EC663000252F1C /* facebook@2x.png in Resources */ = {isa = PBXBuildFile; fileRef = E30D1CD118EC663000252F1C /* facebook@2x.png */; };
		E30D1CD818EC673A00252F1C /* googlePlus@2x.png in Resources */ = {isa = PBXBuildFile; fileRef = E30D1CD718EC673A00252F1C /* googlePlus@2x.png */; };
		E314213B18EEB19800A52D0D /* premiumOff@2x.png in Resources */ = {isa = PBXBuildFile; fileRef = E314213718EEB19800A52D0D /* premiumOff@2x.png */; };
		E314213C18EEB19800A52D0D /* premiumOn@2x.png in Resources */ = {isa = PBXBuildFile; fileRef = E314213818EEB19800A52D0D /* premiumOn@2x.png */; };
		E314213D18EEB19800A52D0D /* standardOff@2x.png in Resources */ = {isa = PBXBuildFile; fileRef = E314213918EEB19800A52D0D /* standardOff@2x.png */; };
		E314213E18EEB19800A52D0D /* standardOn@2x.png in Resources */ = {isa = PBXBuildFile; fileRef = E314213A18EEB19800A52D0D /* standardOn@2x.png */; };
		E314214018EEC1C600A52D0D /* loader.gif in Resources */ = {isa = PBXBuildFile; fileRef = E314213F18EEC1C600A52D0D /* loader.gif */; };
		E31C5F2218E9ABE200727ABD /* ActuImageFull.png in Resources */ = {isa = PBXBuildFile; fileRef = E31C5F2118E9ABE200727ABD /* ActuImageFull.png */; };
		E31C5F2A18E9B9B900727ABD /* ButtonView.png in Resources */ = {isa = PBXBuildFile; fileRef = E31C5F2718E9B9B900727ABD /* ButtonView.png */; };
		E31C5F2B18E9B9B900727ABD /* ButtonDelete.png in Resources */ = {isa = PBXBuildFile; fileRef = E31C5F2818E9B9B900727ABD /* ButtonDelete.png */; };
		E31C5F2C18E9B9B900727ABD /* ButtonChange.png in Resources */ = {isa = PBXBuildFile; fileRef = E31C5F2918E9B9B900727ABD /* ButtonChange.png */; };
		E31D9AF118F7E293007BE3FD /* buttonOn.png in Resources */ = {isa = PBXBuildFile; fileRef = E31D9AEF18F7E293007BE3FD /* buttonOn.png */; };
		E31D9AF218F7E293007BE3FD /* buttonOff.png in Resources */ = {isa = PBXBuildFile; fileRef = E31D9AF018F7E293007BE3FD /* buttonOff.png */; };
		E31D9B0518F7F216007BE3FD /* carteOff@2x.png in Resources */ = {isa = PBXBuildFile; fileRef = E31D9B0118F7F216007BE3FD /* carteOff@2x.png */; };
		E31D9B0618F7F216007BE3FD /* especeOff@2x.png in Resources */ = {isa = PBXBuildFile; fileRef = E31D9B0218F7F216007BE3FD /* especeOff@2x.png */; };
		E31D9B0718F7F216007BE3FD /* carteOn@2x.png in Resources */ = {isa = PBXBuildFile; fileRef = E31D9B0318F7F216007BE3FD /* carteOn@2x.png */; };
		E31D9B0818F7F216007BE3FD /* especeOn@2x.png in Resources */ = {isa = PBXBuildFile; fileRef = E31D9B0418F7F216007BE3FD /* especeOn@2x.png */; };
		E31D9B0A18F7FCBF007BE3FD /* pinChauffeur@2x.png in Resources */ = {isa = PBXBuildFile; fileRef = E31D9B0918F7FCBF007BE3FD /* pinChauffeur@2x.png */; };
		E31D9B1018F801F7007BE3FD /* logoMap.png in Resources */ = {isa = PBXBuildFile; fileRef = E31D9B0F18F801F7007BE3FD /* logoMap.png */; };
		E31D9B2218F82D73007BE3FD /* HistoOff.png in Resources */ = {isa = PBXBuildFile; fileRef = E31D9B1D18F82D73007BE3FD /* HistoOff.png */; };
		E31D9B2318F82D73007BE3FD /* histoOn.png in Resources */ = {isa = PBXBuildFile; fileRef = E31D9B1E18F82D73007BE3FD /* histoOn.png */; };
		E31D9B2418F82D73007BE3FD /* ResaOff.png in Resources */ = {isa = PBXBuildFile; fileRef = E31D9B1F18F82D73007BE3FD /* ResaOff.png */; };
		E31D9B2518F82D73007BE3FD /* ResaOn.png in Resources */ = {isa = PBXBuildFile; fileRef = E31D9B2018F82D73007BE3FD /* ResaOn.png */; };
		E31D9B2818F83A02007BE3FD /* signalResa@2x.png in Resources */ = {isa = PBXBuildFile; fileRef = E31D9B2718F83A02007BE3FD /* signalResa@2x.png */; };
		E3249CA218E985D700BD23B1 /* ActuImage-01.png in Resources */ = {isa = PBXBuildFile; fileRef = E3249CA118E985D700BD23B1 /* ActuImage-01.png */; };
		E3249CA718E9973700BD23B1 /* Account@2X.png in Resources */ = {isa = PBXBuildFile; fileRef = E3249CA318E9973700BD23B1 /* Account@2X.png */; };
		E3249CA818E9973700BD23B1 /* MesResa@2x.png in Resources */ = {isa = PBXBuildFile; fileRef = E3249CA418E9973700BD23B1 /* MesResa@2x.png */; };
		E3249CA918E9973700BD23B1 /* map@2x.png in Resources */ = {isa = PBXBuildFile; fileRef = E3249CA518E9973700BD23B1 /* map@2x.png */; };
		E3249CAC18E9998100BD23B1 /* bg.png in Resources */ = {isa = PBXBuildFile; fileRef = E3249CAB18E9998100BD23B1 /* bg.png */; };
		E333E4A718F4131C007D5490 /* fondu@2X.png in Resources */ = {isa = PBXBuildFile; fileRef = E333E4A618F4131C007D5490 /* fondu@2X.png */; };
		E35AA12518EDB41D005F1178 /* wifiOn@2x.png in Resources */ = {isa = PBXBuildFile; fileRef = E35AA12418EDB41D005F1178 /* wifiOn@2x.png */; };
		E365EDC618EAF0E200E90D14 /* resa@2x.png in Resources */ = {isa = PBXBuildFile; fileRef = E365EDC518EAF0E200E90D14 /* resa@2x.png */; };
		E365EDC818EAF8FC00E90D14 /* Fleche2.png in Resources */ = {isa = PBXBuildFile; fileRef = E365EDC718EAF8FC00E90D14 /* Fleche2.png */; };
		E365EDCA18EAFC4C00E90D14 /* logoBlack@2x.png in Resources */ = {isa = PBXBuildFile; fileRef = E365EDC918EAFC4C00E90D14 /* logoBlack@2x.png */; };
		E365EDCC18EAFD8800E90D14 /* separateurDouble.png in Resources */ = {isa = PBXBuildFile; fileRef = E365EDCB18EAFD8800E90D14 /* separateurDouble.png */; };
		E37D366E190E5C6600CB0A1C /* mapEnd@2X.png in Resources */ = {isa = PBXBuildFile; fileRef = E37D366B190E5C6600CB0A1C /* mapEnd@2X.png */; };
		E37D366F190E5C6600CB0A1C /* mapStart@2X in Resources */ = {isa = PBXBuildFile; fileRef = E37D366C190E5C6600CB0A1C /* mapStart@2X */; };
		E37D3670190E5C6600CB0A1C /* MapNext@2X.png in Resources */ = {isa = PBXBuildFile; fileRef = E37D366D190E5C6600CB0A1C /* MapNext@2X.png */; };
		E37D3674190E68CE00CB0A1C /* keyboardPrevious.png in Resources */ = {isa = PBXBuildFile; fileRef = E37D3671190E68CE00CB0A1C /* keyboardPrevious.png */; };
		E37D3675190E68CE00CB0A1C /* keyboardDone.png in Resources */ = {isa = PBXBuildFile; fileRef = E37D3672190E68CE00CB0A1C /* keyboardDone.png */; };
		E37D3676190E68CE00CB0A1C /* keyboardNext.png in Resources */ = {isa = PBXBuildFile; fileRef = E37D3673190E68CE00CB0A1C /* keyboardNext.png */; };
		E37D3679190E6DD100CB0A1C /* ButtonResaCenter@2X.png in Resources */ = {isa = PBXBuildFile; fileRef = E37D3677190E6DD100CB0A1C /* ButtonResaCenter@2X.png */; };
		E37D367A190E6DD100CB0A1C /* logout@2X.png in Resources */ = {isa = PBXBuildFile; fileRef = E37D3678190E6DD100CB0A1C /* logout@2X.png */; };
		E37D367C190E7DDC00CB0A1C /* Icon.png in Resources */ = {isa = PBXBuildFile; fileRef = E37D367B190E7DDC00CB0A1C /* Icon.png */; };
		E37D367F190E974D00CB0A1C /* pinChauffeurOn@2X.png in Resources */ = {isa = PBXBuildFile; fileRef = E37D367D190E974D00CB0A1C /* pinChauffeurOn@2X.png */; };
		E37D3680190E974D00CB0A1C /* pinChauffeurOff@2X.png in Resources */ = {isa = PBXBuildFile; fileRef = E37D367E190E974D00CB0A1C /* pinChauffeurOff@2X.png */; };
		E389BD2018FD56D90071D6E6 /* encartMap.png in Resources */ = {isa = PBXBuildFile; fileRef = E389BD1F18FD56D90071D6E6 /* encartMap.png */; };
		E389BD2318FD59D00071D6E6 /* pinMapStart@2x.png in Resources */ = {isa = PBXBuildFile; fileRef = E389BD2118FD59D00071D6E6 /* pinMapStart@2x.png */; };
		E389BD2418FD59D00071D6E6 /* pinMapEnd@2x.png in Resources */ = {isa = PBXBuildFile; fileRef = E389BD2218FD59D00071D6E6 /* pinMapEnd@2x.png */; };
		E389BD2618FD5B760071D6E6 /* loupe.png in Resources */ = {isa = PBXBuildFile; fileRef = E389BD2518FD5B760071D6E6 /* loupe.png */; };
		E389BD2818FD5DB20071D6E6 /* validMap.png in Resources */ = {isa = PBXBuildFile; fileRef = E389BD2718FD5DB20071D6E6 /* validMap.png */; };
		E389BD2A18FD5EB50071D6E6 /* retourPosition.png in Resources */ = {isa = PBXBuildFile; fileRef = E389BD2918FD5EB50071D6E6 /* retourPosition.png */; };
		E389BD2D18FD60270071D6E6 /* menuButtonBlue@2x.png in Resources */ = {isa = PBXBuildFile; fileRef = E389BD2B18FD60270071D6E6 /* menuButtonBlue@2x.png */; };
		E389BD2E18FD60270071D6E6 /* backButtonBlue@2x.png in Resources */ = {isa = PBXBuildFile; fileRef = E389BD2C18FD60270071D6E6 /* backButtonBlue@2x.png */; };
		E389BD3418FD61EA0071D6E6 /* encartMenuMap.png in Resources */ = {isa = PBXBuildFile; fileRef = E389BD3318FD61EA0071D6E6 /* encartMenuMap.png */; };
		E389BD3618FD64930071D6E6 /* cibleMap@2x.png in Resources */ = {isa = PBXBuildFile; fileRef = E389BD3518FD64930071D6E6 /* cibleMap@2x.png */; };
		E389BD3918FD6C8B0071D6E6 /* menuButton@2X.png in Resources */ = {isa = PBXBuildFile; fileRef = E389BD3718FD6C8B0071D6E6 /* menuButton@2X.png */; };
		E389BD3A18FD6C8B0071D6E6 /* backButton@2x.png in Resources */ = {isa = PBXBuildFile; fileRef = E389BD3818FD6C8B0071D6E6 /* backButton@2x.png */; };
		E389BD3C18FD71AA0071D6E6 /* validDate@2X.png in Resources */ = {isa = PBXBuildFile; fileRef = E389BD3B18FD71AA0071D6E6 /* validDate@2X.png */; };
		E389BD3F18FD739D0071D6E6 /* persoOff.png in Resources */ = {isa = PBXBuildFile; fileRef = E389BD3D18FD739D0071D6E6 /* persoOff.png */; };
		E389BD4018FD739D0071D6E6 /* phoneOff.png in Resources */ = {isa = PBXBuildFile; fileRef = E389BD3E18FD739D0071D6E6 /* phoneOff.png */; };
		E38CA754190121F300B8ADEF /* pinMapArrive@2x.png in Resources */ = {isa = PBXBuildFile; fileRef = E38CA753190121F300B8ADEF /* pinMapArrive@2x.png */; };
		E38CA7561901220800B8ADEF /* pinArrive@2x.png in Resources */ = {isa = PBXBuildFile; fileRef = E38CA7551901220800B8ADEF /* pinArrive@2x.png */; };
		E38CA75819012F2800B8ADEF /* validResa.png in Resources */ = {isa = PBXBuildFile; fileRef = E38CA75719012F2800B8ADEF /* validResa.png */; };
		E397E02818FBF708003ACD8D /* actu@2x.png in Resources */ = {isa = PBXBuildFile; fileRef = E397E02718FBF708003ACD8D /* actu@2x.png */; };
		E397E02E18FC2565003ACD8D /* flag.png in Resources */ = {isa = PBXBuildFile; fileRef = E397E02918FC2565003ACD8D /* flag.png */; };
		E397E02F18FC2565003ACD8D /* littlePin.png in Resources */ = {isa = PBXBuildFile; fileRef = E397E02A18FC2565003ACD8D /* littlePin.png */; };
		E397E03018FC2565003ACD8D /* mailAcc.png in Resources */ = {isa = PBXBuildFile; fileRef = E397E02B18FC2565003ACD8D /* mailAcc.png */; };
		E397E03118FC2565003ACD8D /* perso.png in Resources */ = {isa = PBXBuildFile; fileRef = E397E02C18FC2565003ACD8D /* perso.png */; };
		E397E03218FC2565003ACD8D /* phone.png in Resources */ = {isa = PBXBuildFile; fileRef = E397E02D18FC2565003ACD8D /* phone.png */; };
		E3AC4F8F190A902900B8E715 /* watch@2x.png in Resources */ = {isa = PBXBuildFile; fileRef = E3AC4F8E190A902900B8E715 /* watch@2x.png */; };
		E3AC4F91190AA63300B8E715 /* FlecheNext@2X.png in Resources */ = {isa = PBXBuildFile; fileRef = E3AC4F90190AA63300B8E715 /* FlecheNext@2X.png */; };
		E3BDDEE8190ACE54002AEBFD /* buttonSwitch@2X.png in Resources */ = {isa = PBXBuildFile; fileRef = E3BDDEE7190ACE54002AEBFD /* buttonSwitch@2X.png */; };
		E3C5EAF0190E5AE400E8D373 /* splash@2x.png in Resources */ = {isa = PBXBuildFile; fileRef = E3C5EAEF190E5AE400E8D373 /* splash@2x.png */; };
		E3EF8E2618EAC4040068EC03 /* ButtonMap@2x.png in Resources */ = {isa = PBXBuildFile; fileRef = E3EF8E2518EAC4040068EC03 /* ButtonMap@2x.png */; };
		E3EF8E2818EAC7640068EC03 /* validation@2x.png in Resources */ = {isa = PBXBuildFile; fileRef = E3EF8E2718EAC7630068EC03 /* validation@2x.png */; };
		E3EF8E2A18EACFCA0068EC03 /* ButtonOption.png in Resources */ = {isa = PBXBuildFile; fileRef = E3EF8E2918EACFCA0068EC03 /* ButtonOption.png */; };
		E3EF8E2C18EAD05C0068EC03 /* Fleche.png in Resources */ = {isa = PBXBuildFile; fileRef = E3EF8E2B18EAD05C0068EC03 /* Fleche.png */; };
		E3EF8E2E18EAE2780068EC03 /* buttonPassenger@2x.png in Resources */ = {isa = PBXBuildFile; fileRef = E3EF8E2D18EAE2780068EC03 /* buttonPassenger@2x.png */; };
		E3EF8E3018EAE4930068EC03 /* rond.png in Resources */ = {isa = PBXBuildFile; fileRef = E3EF8E2F18EAE4930068EC03 /* rond.png */; };
		E3EF8E3318EAE58A0068EC03 /* minus.png in Resources */ = {isa = PBXBuildFile; fileRef = E3EF8E3118EAE58A0068EC03 /* minus.png */; };
		E3EF8E3418EAE58A0068EC03 /* plus.png in Resources */ = {isa = PBXBuildFile; fileRef = E3EF8E3218EAE58A0068EC03 /* plus.png */; };
		E3EF8E3B18EAE99B0068EC03 /* babyOn@2x.png in Resources */ = {isa = PBXBuildFile; fileRef = E3EF8E3518EAE99B0068EC03 /* babyOn@2x.png */; };
		E3EF8E3D18EAE99B0068EC03 /* babyOff@2x.png in Resources */ = {isa = PBXBuildFile; fileRef = E3EF8E3718EAE99B0068EC03 /* babyOff@2x.png */; };
		E3EF8E3E18EAE99B0068EC03 /* paperOn@2x.png in Resources */ = {isa = PBXBuildFile; fileRef = E3EF8E3818EAE99B0068EC03 /* paperOn@2x.png */; };
		E3EF8E3F18EAE99B0068EC03 /* paperOff@2x.png in Resources */ = {isa = PBXBuildFile; fileRef = E3EF8E3918EAE99B0068EC03 /* paperOff@2x.png */; };
		E3EF8E4018EAE99B0068EC03 /* wifiOff@2x.png in Resources */ = {isa = PBXBuildFile; fileRef = E3EF8E3A18EAE99B0068EC03 /* wifiOff@2x.png */; };
		E3EF8E4218EAEBF10068EC03 /* suitcase.png in Resources */ = {isa = PBXBuildFile; fileRef = E3EF8E4118EAEBF10068EC03 /* suitcase.png */; };
		E3F01AE419017935000F18C5 /* tuto2.png in Resources */ = {isa = PBXBuildFile; fileRef = E3F01AE119017935000F18C5 /* tuto2.png */; };
		E3F01AE519017935000F18C5 /* tuto1.png in Resources */ = {isa = PBXBuildFile; fileRef = E3F01AE219017935000F18C5 /* tuto1.png */; };
		E3F01AE619017935000F18C5 /* tuto3.png in Resources */ = {isa = PBXBuildFile; fileRef = E3F01AE319017935000F18C5 /* tuto3.png */; };
/* End PBXBuildFile section */

/* Begin PBXContainerItemProxy section */
		6D003A0618E314EC00D6C9E3 /* PBXContainerItemProxy */ = {
			isa = PBXContainerItemProxy;
			containerPortal = 6D0039D518E314EC00D6C9E3 /* Project object */;
			proxyType = 1;
			remoteGlobalIDString = 6D0039DC18E314EC00D6C9E3;
			remoteInfo = iZicab;
		};
/* End PBXContainerItemProxy section */

/* Begin PBXFileReference section */
		6D0039DD18E314EC00D6C9E3 /* iZicab.app */ = {isa = PBXFileReference; explicitFileType = wrapper.application; includeInIndex = 0; path = iZicab.app; sourceTree = BUILT_PRODUCTS_DIR; };
		6D0039E018E314EC00D6C9E3 /* Foundation.framework */ = {isa = PBXFileReference; lastKnownFileType = wrapper.framework; name = Foundation.framework; path = System/Library/Frameworks/Foundation.framework; sourceTree = SDKROOT; };
		6D0039E218E314EC00D6C9E3 /* CoreGraphics.framework */ = {isa = PBXFileReference; lastKnownFileType = wrapper.framework; name = CoreGraphics.framework; path = System/Library/Frameworks/CoreGraphics.framework; sourceTree = SDKROOT; };
		6D0039E418E314EC00D6C9E3 /* UIKit.framework */ = {isa = PBXFileReference; lastKnownFileType = wrapper.framework; name = UIKit.framework; path = System/Library/Frameworks/UIKit.framework; sourceTree = SDKROOT; };
		6D0039E818E314EC00D6C9E3 /* iZicab-Info.plist */ = {isa = PBXFileReference; lastKnownFileType = text.plist.xml; path = "iZicab-Info.plist"; sourceTree = "<group>"; };
		6D0039EA18E314EC00D6C9E3 /* en */ = {isa = PBXFileReference; lastKnownFileType = text.plist.strings; name = en; path = en.lproj/InfoPlist.strings; sourceTree = "<group>"; };
		6D0039EC18E314EC00D6C9E3 /* main.m */ = {isa = PBXFileReference; lastKnownFileType = sourcecode.c.objc; path = main.m; sourceTree = "<group>"; };
		6D0039EE18E314EC00D6C9E3 /* iZicab-Prefix.pch */ = {isa = PBXFileReference; lastKnownFileType = sourcecode.c.h; path = "iZicab-Prefix.pch"; sourceTree = "<group>"; };
		6D0039EF18E314EC00D6C9E3 /* AppDelegate.h */ = {isa = PBXFileReference; lastKnownFileType = sourcecode.c.h; path = AppDelegate.h; sourceTree = "<group>"; };
		6D0039F018E314EC00D6C9E3 /* AppDelegate.m */ = {isa = PBXFileReference; lastKnownFileType = sourcecode.c.objc; path = AppDelegate.m; sourceTree = "<group>"; };
		6D0039F618E314EC00D6C9E3 /* Base */ = {isa = PBXFileReference; lastKnownFileType = file.storyboard; name = Base; path = Base.lproj/Main_iPad.storyboard; sourceTree = "<group>"; };
		6D0039F818E314EC00D6C9E3 /* SignController.h */ = {isa = PBXFileReference; lastKnownFileType = sourcecode.c.h; path = SignController.h; sourceTree = "<group>"; };
		6D0039F918E314EC00D6C9E3 /* SignController.m */ = {isa = PBXFileReference; lastKnownFileType = sourcecode.c.objc; path = SignController.m; sourceTree = "<group>"; };
		6D0039FB18E314EC00D6C9E3 /* Images.xcassets */ = {isa = PBXFileReference; lastKnownFileType = folder.assetcatalog; path = Images.xcassets; sourceTree = "<group>"; };
		6D003A0118E314EC00D6C9E3 /* iZicabTests.xctest */ = {isa = PBXFileReference; explicitFileType = wrapper.cfbundle; includeInIndex = 0; path = iZicabTests.xctest; sourceTree = BUILT_PRODUCTS_DIR; };
		6D003A0218E314EC00D6C9E3 /* XCTest.framework */ = {isa = PBXFileReference; lastKnownFileType = wrapper.framework; name = XCTest.framework; path = Library/Frameworks/XCTest.framework; sourceTree = DEVELOPER_DIR; };
		6D003A0A18E314ED00D6C9E3 /* iZicabTests-Info.plist */ = {isa = PBXFileReference; lastKnownFileType = text.plist.xml; path = "iZicabTests-Info.plist"; sourceTree = "<group>"; };
		6D003A0C18E314ED00D6C9E3 /* en */ = {isa = PBXFileReference; lastKnownFileType = text.plist.strings; name = en; path = en.lproj/InfoPlist.strings; sourceTree = "<group>"; };
		6D003A0E18E314ED00D6C9E3 /* iZicabTests.m */ = {isa = PBXFileReference; lastKnownFileType = sourcecode.c.objc; path = iZicabTests.m; sourceTree = "<group>"; };
		6D3161D418E97AD8005ABB3E /* ResaMineCell.h */ = {isa = PBXFileReference; lastKnownFileType = sourcecode.c.h; path = ResaMineCell.h; sourceTree = "<group>"; };
		6D3161D518E97AE6005ABB3E /* ResaMineCell.m */ = {isa = PBXFileReference; fileEncoding = 4; lastKnownFileType = sourcecode.c.objc; path = ResaMineCell.m; sourceTree = "<group>"; };
		6D3161D718E98149005ABB3E /* Constant.h */ = {isa = PBXFileReference; fileEncoding = 4; lastKnownFileType = sourcecode.c.h; name = Constant.h; path = ../Constant.h; sourceTree = "<group>"; };
		6D3161DA18E98505005ABB3E /* ConnectionData.h */ = {isa = PBXFileReference; fileEncoding = 4; lastKnownFileType = sourcecode.c.h; path = ConnectionData.h; sourceTree = "<group>"; };
		6D3161DB18E98505005ABB3E /* ConnectionData.m */ = {isa = PBXFileReference; fileEncoding = 4; lastKnownFileType = sourcecode.c.objc; path = ConnectionData.m; sourceTree = "<group>"; };
		6D3161DD18E9AD89005ABB3E /* UserInfoSingleton.h */ = {isa = PBXFileReference; fileEncoding = 4; lastKnownFileType = sourcecode.c.h; path = UserInfoSingleton.h; sourceTree = "<group>"; };
		6D3161DE18E9AD89005ABB3E /* UserInfoSingleton.m */ = {isa = PBXFileReference; fileEncoding = 4; lastKnownFileType = sourcecode.c.objc; path = UserInfoSingleton.m; sourceTree = "<group>"; };
		6D53B95218E578370012C12A /* CustomNavBar.h */ = {isa = PBXFileReference; fileEncoding = 4; lastKnownFileType = sourcecode.c.h; path = CustomNavBar.h; sourceTree = "<group>"; };
		6D53B95318E578370012C12A /* CustomNavBar.m */ = {isa = PBXFileReference; fileEncoding = 4; lastKnownFileType = sourcecode.c.objc; path = CustomNavBar.m; sourceTree = "<group>"; };
		6D53B95818E586FC0012C12A /* Roboto-Black.ttf */ = {isa = PBXFileReference; lastKnownFileType = file; path = "Roboto-Black.ttf"; sourceTree = "<group>"; };
		6D53B95918E586FC0012C12A /* Roboto-BlackItalic.ttf */ = {isa = PBXFileReference; lastKnownFileType = file; path = "Roboto-BlackItalic.ttf"; sourceTree = "<group>"; };
		6D53B95A18E586FC0012C12A /* Roboto-Bold.ttf */ = {isa = PBXFileReference; lastKnownFileType = file; path = "Roboto-Bold.ttf"; sourceTree = "<group>"; };
		6D53B95B18E586FC0012C12A /* Roboto-BoldItalic.ttf */ = {isa = PBXFileReference; lastKnownFileType = file; path = "Roboto-BoldItalic.ttf"; sourceTree = "<group>"; };
		6D53B95C18E586FC0012C12A /* Roboto-Italic.ttf */ = {isa = PBXFileReference; lastKnownFileType = file; path = "Roboto-Italic.ttf"; sourceTree = "<group>"; };
		6D53B95D18E586FC0012C12A /* Roboto-Light.ttf */ = {isa = PBXFileReference; lastKnownFileType = file; path = "Roboto-Light.ttf"; sourceTree = "<group>"; };
		6D53B95E18E586FC0012C12A /* Roboto-LightItalic.ttf */ = {isa = PBXFileReference; lastKnownFileType = file; path = "Roboto-LightItalic.ttf"; sourceTree = "<group>"; };
		6D53B95F18E586FC0012C12A /* Roboto-Medium.ttf */ = {isa = PBXFileReference; lastKnownFileType = file; path = "Roboto-Medium.ttf"; sourceTree = "<group>"; };
		6D53B96018E586FC0012C12A /* Roboto-MediumItalic.ttf */ = {isa = PBXFileReference; lastKnownFileType = file; path = "Roboto-MediumItalic.ttf"; sourceTree = "<group>"; };
		6D53B96118E586FC0012C12A /* Roboto-Regular.ttf */ = {isa = PBXFileReference; lastKnownFileType = file; path = "Roboto-Regular.ttf"; sourceTree = "<group>"; };
		6D53B96218E586FC0012C12A /* Roboto-Thin.ttf */ = {isa = PBXFileReference; lastKnownFileType = file; path = "Roboto-Thin.ttf"; sourceTree = "<group>"; };
		6D53B96318E586FC0012C12A /* Roboto-ThinItalic.ttf */ = {isa = PBXFileReference; lastKnownFileType = file; path = "Roboto-ThinItalic.ttf"; sourceTree = "<group>"; };
		6D53B96418E586FC0012C12A /* RobotoCondensed-Bold.ttf */ = {isa = PBXFileReference; lastKnownFileType = file; path = "RobotoCondensed-Bold.ttf"; sourceTree = "<group>"; };
		6D53B96518E586FC0012C12A /* RobotoCondensed-BoldItalic.ttf */ = {isa = PBXFileReference; lastKnownFileType = file; path = "RobotoCondensed-BoldItalic.ttf"; sourceTree = "<group>"; };
		6D53B96618E586FC0012C12A /* RobotoCondensed-Italic.ttf */ = {isa = PBXFileReference; lastKnownFileType = file; path = "RobotoCondensed-Italic.ttf"; sourceTree = "<group>"; };
		6D53B96718E586FC0012C12A /* RobotoCondensed-Light.ttf */ = {isa = PBXFileReference; lastKnownFileType = file; path = "RobotoCondensed-Light.ttf"; sourceTree = "<group>"; };
		6D53B96818E586FC0012C12A /* RobotoCondensed-LightItalic.ttf */ = {isa = PBXFileReference; lastKnownFileType = file; path = "RobotoCondensed-LightItalic.ttf"; sourceTree = "<group>"; };
		6D53B96918E586FC0012C12A /* RobotoCondensed-Regular.ttf */ = {isa = PBXFileReference; lastKnownFileType = file; path = "RobotoCondensed-Regular.ttf"; sourceTree = "<group>"; };
		6D53B97C18E58E4E0012C12A /* ResaMineViewController.h */ = {isa = PBXFileReference; fileEncoding = 4; lastKnownFileType = sourcecode.c.h; name = ResaMineViewController.h; path = ressources/ResaMineViewController.h; sourceTree = "<group>"; };
		6D53B97D18E58E4E0012C12A /* ResaMineViewController.m */ = {isa = PBXFileReference; fileEncoding = 4; lastKnownFileType = sourcecode.c.objc; name = ResaMineViewController.m; path = ressources/ResaMineViewController.m; sourceTree = "<group>"; };
		6D53B97F18E58EAE0012C12A /* AccountViewController.h */ = {isa = PBXFileReference; fileEncoding = 4; lastKnownFileType = sourcecode.c.h; path = AccountViewController.h; sourceTree = "<group>"; };
		6D53B98018E58EAF0012C12A /* AccountViewController.m */ = {isa = PBXFileReference; fileEncoding = 4; lastKnownFileType = sourcecode.c.objc; path = AccountViewController.m; sourceTree = "<group>"; };
		6D53B98218E5901D0012C12A /* RecapViewController.h */ = {isa = PBXFileReference; fileEncoding = 4; lastKnownFileType = sourcecode.c.h; name = RecapViewController.h; path = ressources/RecapViewController.h; sourceTree = "<group>"; };
		6D53B98318E5901D0012C12A /* RecapViewController.m */ = {isa = PBXFileReference; fileEncoding = 4; lastKnownFileType = sourcecode.c.objc; name = RecapViewController.m; path = ressources/RecapViewController.m; sourceTree = "<group>"; };
		6D53B98518E591C60012C12A /* InvoiceViewController.h */ = {isa = PBXFileReference; fileEncoding = 4; lastKnownFileType = sourcecode.c.h; path = InvoiceViewController.h; sourceTree = "<group>"; };
		6D53B98618E591C60012C12A /* InvoiceViewController.m */ = {isa = PBXFileReference; fileEncoding = 4; lastKnownFileType = sourcecode.c.objc; path = InvoiceViewController.m; sourceTree = "<group>"; };
		6D53B98818E59CB10012C12A /* ActuViewController.h */ = {isa = PBXFileReference; fileEncoding = 4; lastKnownFileType = sourcecode.c.h; path = ActuViewController.h; sourceTree = "<group>"; };
		6D53B98918E59CB10012C12A /* ActuViewController.m */ = {isa = PBXFileReference; fileEncoding = 4; lastKnownFileType = sourcecode.c.objc; path = ActuViewController.m; sourceTree = "<group>"; };
		6D53B98B18E59D330012C12A /* ShareViewController.h */ = {isa = PBXFileReference; fileEncoding = 4; lastKnownFileType = sourcecode.c.h; path = ShareViewController.h; sourceTree = "<group>"; };
		6D53B98C18E59D330012C12A /* ShareViewController.m */ = {isa = PBXFileReference; fileEncoding = 4; lastKnownFileType = sourcecode.c.objc; path = ShareViewController.m; sourceTree = "<group>"; };
		6D53B99118E5A7730012C12A /* ActuCell.h */ = {isa = PBXFileReference; fileEncoding = 4; lastKnownFileType = sourcecode.c.h; path = ActuCell.h; sourceTree = "<group>"; };
		6D53B99218E5A7730012C12A /* ActuCell.m */ = {isa = PBXFileReference; fileEncoding = 4; lastKnownFileType = sourcecode.c.objc; path = ActuCell.m; sourceTree = "<group>"; };
		6D53B99418E5A7A50012C12A /* ActuCellView.xib */ = {isa = PBXFileReference; fileEncoding = 4; lastKnownFileType = file.xib; path = ActuCellView.xib; sourceTree = "<group>"; };
		6D53B99618E5BBBB0012C12A /* Main_iPhone.storyboard */ = {isa = PBXFileReference; fileEncoding = 4; lastKnownFileType = file.storyboard; path = Main_iPhone.storyboard; sourceTree = "<group>"; };
		6D53B99818E5BDCF0012C12A /* ActuDetailViewController.h */ = {isa = PBXFileReference; fileEncoding = 4; lastKnownFileType = sourcecode.c.h; path = ActuDetailViewController.h; sourceTree = "<group>"; };
		6D53B99918E5BDCF0012C12A /* ActuDetailViewController.m */ = {isa = PBXFileReference; fileEncoding = 4; lastKnownFileType = sourcecode.c.objc; path = ActuDetailViewController.m; sourceTree = "<group>"; };
		6D53B99B18E5C2F70012C12A /* ResaMineCell.xib */ = {isa = PBXFileReference; fileEncoding = 4; lastKnownFileType = file.xib; path = ResaMineCell.xib; sourceTree = "<group>"; };
		6D58EFA2190A64A00066D975 /* Reachability.h */ = {isa = PBXFileReference; fileEncoding = 4; lastKnownFileType = sourcecode.c.h; path = Reachability.h; sourceTree = "<group>"; };
		6D58EFA3190A64A00066D975 /* Reachability.m */ = {isa = PBXFileReference; fileEncoding = 4; lastKnownFileType = sourcecode.c.objc; path = Reachability.m; sourceTree = "<group>"; };
		6D5EFC801907CE8200B69F31 /* CustomViewController.h */ = {isa = PBXFileReference; fileEncoding = 4; lastKnownFileType = sourcecode.c.h; path = CustomViewController.h; sourceTree = "<group>"; };
		6D5EFC811907CE8300B69F31 /* CustomViewController.m */ = {isa = PBXFileReference; fileEncoding = 4; lastKnownFileType = sourcecode.c.objc; path = CustomViewController.m; sourceTree = "<group>"; };
		6D83734D18E46A94005A6709 /* DashboardViewController.h */ = {isa = PBXFileReference; fileEncoding = 4; lastKnownFileType = sourcecode.c.h; path = DashboardViewController.h; sourceTree = "<group>"; };
		6D83734E18E46A94005A6709 /* DashboardViewController.m */ = {isa = PBXFileReference; fileEncoding = 4; lastKnownFileType = sourcecode.c.objc; path = DashboardViewController.m; sourceTree = "<group>"; };
		6D83735218E46C01005A6709 /* MapKit.framework */ = {isa = PBXFileReference; lastKnownFileType = wrapper.framework; name = MapKit.framework; path = System/Library/Frameworks/MapKit.framework; sourceTree = SDKROOT; };
		6D83735E18E47586005A6709 /* ElementAppli-01.png */ = {isa = PBXFileReference; lastKnownFileType = image.png; path = "ElementAppli-01.png"; sourceTree = "<group>"; };
		6D83736818E476A8005A6709 /* ReservationViewController.h */ = {isa = PBXFileReference; fileEncoding = 4; lastKnownFileType = sourcecode.c.h; path = ReservationViewController.h; sourceTree = "<group>"; };
		6D83736918E476A8005A6709 /* ReservationViewController.m */ = {isa = PBXFileReference; fileEncoding = 4; lastKnownFileType = sourcecode.c.objc; path = ReservationViewController.m; sourceTree = "<group>"; };
		6D83736B18E47E6B005A6709 /* DashboardSegue.h */ = {isa = PBXFileReference; fileEncoding = 4; lastKnownFileType = sourcecode.c.h; path = DashboardSegue.h; sourceTree = "<group>"; };
		6D83736C18E47E6B005A6709 /* DashboardSegue.m */ = {isa = PBXFileReference; fileEncoding = 4; lastKnownFileType = sourcecode.c.objc; path = DashboardSegue.m; sourceTree = "<group>"; };
		6D83736E18E48A4D005A6709 /* MapViewController.h */ = {isa = PBXFileReference; fileEncoding = 4; lastKnownFileType = sourcecode.c.h; path = MapViewController.h; sourceTree = "<group>"; };
		6D83736F18E48A4D005A6709 /* MapViewController.m */ = {isa = PBXFileReference; fileEncoding = 4; lastKnownFileType = sourcecode.c.objc; path = MapViewController.m; sourceTree = "<group>"; };
		6D83737918E49EAF005A6709 /* datB.png */ = {isa = PBXFileReference; lastKnownFileType = image.png; path = datB.png; sourceTree = "<group>"; };
		6DA2AF8818FD314300E91C5A /* SearchAddressTableViewController.h */ = {isa = PBXFileReference; fileEncoding = 4; lastKnownFileType = sourcecode.c.h; name = SearchAddressTableViewController.h; path = iZicab/SearchAddressTableViewController.h; sourceTree = "<group>"; };
		6DA2AF8918FD314300E91C5A /* SearchAddressTableViewController.m */ = {isa = PBXFileReference; fileEncoding = 4; lastKnownFileType = sourcecode.c.objc; name = SearchAddressTableViewController.m; path = iZicab/SearchAddressTableViewController.m; sourceTree = "<group>"; };
		6DAE0BB71901313F00E8158D /* TutoViewController.h */ = {isa = PBXFileReference; fileEncoding = 4; lastKnownFileType = sourcecode.c.h; name = TutoViewController.h; path = iZicab/TutoViewController.h; sourceTree = "<group>"; };
		6DAE0BB81901313F00E8158D /* TutoViewController.m */ = {isa = PBXFileReference; fileEncoding = 4; lastKnownFileType = sourcecode.c.objc; name = TutoViewController.m; path = iZicab/TutoViewController.m; sourceTree = "<group>"; };
		6DAE0BBA1901314E00E8158D /* TarifsViewController.h */ = {isa = PBXFileReference; fileEncoding = 4; lastKnownFileType = sourcecode.c.h; path = TarifsViewController.h; sourceTree = "<group>"; };
		6DAE0BBB1901314E00E8158D /* TarifsViewController.m */ = {isa = PBXFileReference; fileEncoding = 4; lastKnownFileType = sourcecode.c.objc; path = TarifsViewController.m; sourceTree = "<group>"; };
		6DAE0BBD1901315900E8158D /* CGUViewController.h */ = {isa = PBXFileReference; fileEncoding = 4; lastKnownFileType = sourcecode.c.h; path = CGUViewController.h; sourceTree = "<group>"; };
		6DAE0BBE1901315900E8158D /* CGUViewController.m */ = {isa = PBXFileReference; fileEncoding = 4; lastKnownFileType = sourcecode.c.objc; path = CGUViewController.m; sourceTree = "<group>"; };
		6DAE0BC019013ABA00E8158D /* PageViewController.h */ = {isa = PBXFileReference; fileEncoding = 4; lastKnownFileType = sourcecode.c.h; path = PageViewController.h; sourceTree = "<group>"; };
		6DAE0BC119013ABA00E8158D /* PageViewController.m */ = {isa = PBXFileReference; fileEncoding = 4; lastKnownFileType = sourcecode.c.objc; path = PageViewController.m; sourceTree = "<group>"; };
		6DAE0BC519018C2F00E8158D /* tuto4.png */ = {isa = PBXFileReference; lastKnownFileType = image.png; path = tuto4.png; sourceTree = "<group>"; };
		6DAF56AB18F4198100E5C844 /* fondu@2X.png */ = {isa = PBXFileReference; lastKnownFileType = image.png; path = "fondu@2X.png"; sourceTree = "<group>"; };
		6DAF56AE18F41EEF00E5C844 /* bg@2x.png */ = {isa = PBXFileReference; lastKnownFileType = image.png; path = "bg@2x.png"; sourceTree = "<group>"; };
		6DCF52FA18E4394A0037A10C /* SignUpViewController.h */ = {isa = PBXFileReference; fileEncoding = 4; lastKnownFileType = sourcecode.c.h; path = SignUpViewController.h; sourceTree = "<group>"; };
		6DCF52FB18E4394A0037A10C /* SignUpViewController.m */ = {isa = PBXFileReference; fileEncoding = 4; lastKnownFileType = sourcecode.c.objc; path = SignUpViewController.m; sourceTree = "<group>"; };
		6DCF52FD18E43BAD0037A10C /* NavigationControlViewController.h */ = {isa = PBXFileReference; fileEncoding = 4; lastKnownFileType = sourcecode.c.h; path = NavigationControlViewController.h; sourceTree = "<group>"; };
		6DCF52FE18E43BAD0037A10C /* NavigationControlViewController.m */ = {isa = PBXFileReference; fileEncoding = 4; lastKnownFileType = sourcecode.c.objc; path = NavigationControlViewController.m; sourceTree = "<group>"; };
		6DCF530618E44A2B0037A10C /* SignInViewController.h */ = {isa = PBXFileReference; fileEncoding = 4; lastKnownFileType = sourcecode.c.h; path = SignInViewController.h; sourceTree = "<group>"; };
		6DCF530718E44A2B0037A10C /* SignInViewController.m */ = {isa = PBXFileReference; fileEncoding = 4; lastKnownFileType = sourcecode.c.objc; path = SignInViewController.m; sourceTree = "<group>"; };
		6DCF530B18E451520037A10C /* CodeViewController.h */ = {isa = PBXFileReference; fileEncoding = 4; lastKnownFileType = sourcecode.c.h; path = CodeViewController.h; sourceTree = "<group>"; };
		6DCF530C18E451520037A10C /* CodeViewController.m */ = {isa = PBXFileReference; fileEncoding = 4; lastKnownFileType = sourcecode.c.objc; path = CodeViewController.m; sourceTree = "<group>"; };
		E30010EC18EC06EB00551FA7 /* Pin.png */ = {isa = PBXFileReference; lastKnownFileType = image.png; path = Pin.png; sourceTree = "<group>"; };
		E30010EE18EC073E00551FA7 /* Pin.png */ = {isa = PBXFileReference; lastKnownFileType = image.png; path = Pin.png; sourceTree = "<group>"; };
		E30010F018EC110000551FA7 /* resa@2x.png */ = {isa = PBXFileReference; lastKnownFileType = image.png; path = "resa@2x.png"; sourceTree = "<group>"; };
		E30D1CC218EC1EFE00252F1C /* pinDepart@2x.png */ = {isa = PBXFileReference; lastKnownFileType = image.png; path = "pinDepart@2x.png"; sourceTree = "<group>"; };
		E30D1CC518EC275500252F1C /* bigLogo@2x.png */ = {isa = PBXFileReference; lastKnownFileType = image.png; path = "bigLogo@2x.png"; sourceTree = "<group>"; };
		E30D1CC718EC31FE00252F1C /* inscription@2x.png */ = {isa = PBXFileReference; lastKnownFileType = image.png; path = "inscription@2x.png"; sourceTree = "<group>"; };
		E30D1CCB18EC33A400252F1C /* connexion@2x.png */ = {isa = PBXFileReference; lastKnownFileType = image.png; path = "connexion@2x.png"; sourceTree = "<group>"; };
		E30D1CCD18EC663000252F1C /* mail@2x.png */ = {isa = PBXFileReference; lastKnownFileType = image.png; path = "mail@2x.png"; sourceTree = "<group>"; };
		E30D1CCE18EC663000252F1C /* sms@2x.png */ = {isa = PBXFileReference; lastKnownFileType = image.png; path = "sms@2x.png"; sourceTree = "<group>"; };
		E30D1CCF18EC663000252F1C /* twitter@2x.png */ = {isa = PBXFileReference; lastKnownFileType = image.png; path = "twitter@2x.png"; sourceTree = "<group>"; };
		E30D1CD018EC663000252F1C /* linkedin@2x.png */ = {isa = PBXFileReference; lastKnownFileType = image.png; path = "linkedin@2x.png"; sourceTree = "<group>"; };
		E30D1CD118EC663000252F1C /* facebook@2x.png */ = {isa = PBXFileReference; lastKnownFileType = image.png; path = "facebook@2x.png"; sourceTree = "<group>"; };
		E30D1CD718EC673A00252F1C /* googlePlus@2x.png */ = {isa = PBXFileReference; lastKnownFileType = image.png; path = "googlePlus@2x.png"; sourceTree = "<group>"; };
		E314213718EEB19800A52D0D /* premiumOff@2x.png */ = {isa = PBXFileReference; lastKnownFileType = image.png; path = "premiumOff@2x.png"; sourceTree = "<group>"; };
		E314213818EEB19800A52D0D /* premiumOn@2x.png */ = {isa = PBXFileReference; lastKnownFileType = image.png; path = "premiumOn@2x.png"; sourceTree = "<group>"; };
		E314213918EEB19800A52D0D /* standardOff@2x.png */ = {isa = PBXFileReference; lastKnownFileType = image.png; path = "standardOff@2x.png"; sourceTree = "<group>"; };
		E314213A18EEB19800A52D0D /* standardOn@2x.png */ = {isa = PBXFileReference; lastKnownFileType = image.png; path = "standardOn@2x.png"; sourceTree = "<group>"; };
		E314213F18EEC1C600A52D0D /* loader.gif */ = {isa = PBXFileReference; lastKnownFileType = image.gif; path = loader.gif; sourceTree = "<group>"; };
		E31C5F2118E9ABE200727ABD /* ActuImageFull.png */ = {isa = PBXFileReference; lastKnownFileType = image.png; path = ActuImageFull.png; sourceTree = "<group>"; };
		E31C5F2718E9B9B900727ABD /* ButtonView.png */ = {isa = PBXFileReference; lastKnownFileType = image.png; path = ButtonView.png; sourceTree = "<group>"; };
		E31C5F2818E9B9B900727ABD /* ButtonDelete.png */ = {isa = PBXFileReference; lastKnownFileType = image.png; path = ButtonDelete.png; sourceTree = "<group>"; };
		E31C5F2918E9B9B900727ABD /* ButtonChange.png */ = {isa = PBXFileReference; lastKnownFileType = image.png; path = ButtonChange.png; sourceTree = "<group>"; };
		E31D9AEF18F7E293007BE3FD /* buttonOn.png */ = {isa = PBXFileReference; lastKnownFileType = image.png; path = buttonOn.png; sourceTree = "<group>"; };
		E31D9AF018F7E293007BE3FD /* buttonOff.png */ = {isa = PBXFileReference; lastKnownFileType = image.png; path = buttonOff.png; sourceTree = "<group>"; };
		E31D9B0118F7F216007BE3FD /* carteOff@2x.png */ = {isa = PBXFileReference; lastKnownFileType = image.png; path = "carteOff@2x.png"; sourceTree = "<group>"; };
		E31D9B0218F7F216007BE3FD /* especeOff@2x.png */ = {isa = PBXFileReference; lastKnownFileType = image.png; path = "especeOff@2x.png"; sourceTree = "<group>"; };
		E31D9B0318F7F216007BE3FD /* carteOn@2x.png */ = {isa = PBXFileReference; lastKnownFileType = image.png; path = "carteOn@2x.png"; sourceTree = "<group>"; };
		E31D9B0418F7F216007BE3FD /* especeOn@2x.png */ = {isa = PBXFileReference; lastKnownFileType = image.png; path = "especeOn@2x.png"; sourceTree = "<group>"; };
		E31D9B0918F7FCBF007BE3FD /* pinChauffeur@2x.png */ = {isa = PBXFileReference; lastKnownFileType = image.png; path = "pinChauffeur@2x.png"; sourceTree = "<group>"; };
		E31D9B0F18F801F7007BE3FD /* logoMap.png */ = {isa = PBXFileReference; lastKnownFileType = image.png; path = logoMap.png; sourceTree = "<group>"; };
		E31D9B1D18F82D73007BE3FD /* HistoOff.png */ = {isa = PBXFileReference; lastKnownFileType = image.png; path = HistoOff.png; sourceTree = "<group>"; };
		E31D9B1E18F82D73007BE3FD /* histoOn.png */ = {isa = PBXFileReference; lastKnownFileType = image.png; path = histoOn.png; sourceTree = "<group>"; };
		E31D9B1F18F82D73007BE3FD /* ResaOff.png */ = {isa = PBXFileReference; lastKnownFileType = image.png; path = ResaOff.png; sourceTree = "<group>"; };
		E31D9B2018F82D73007BE3FD /* ResaOn.png */ = {isa = PBXFileReference; lastKnownFileType = image.png; path = ResaOn.png; sourceTree = "<group>"; };
		E31D9B2718F83A02007BE3FD /* signalResa@2x.png */ = {isa = PBXFileReference; lastKnownFileType = image.png; path = "signalResa@2x.png"; sourceTree = "<group>"; };
		E3249CA118E985D700BD23B1 /* ActuImage-01.png */ = {isa = PBXFileReference; lastKnownFileType = image.png; path = "ActuImage-01.png"; sourceTree = "<group>"; };
		E3249CA318E9973700BD23B1 /* Account@2X.png */ = {isa = PBXFileReference; lastKnownFileType = image.png; path = "Account@2X.png"; sourceTree = "<group>"; };
		E3249CA418E9973700BD23B1 /* MesResa@2x.png */ = {isa = PBXFileReference; lastKnownFileType = image.png; path = "MesResa@2x.png"; sourceTree = "<group>"; };
		E3249CA518E9973700BD23B1 /* map@2x.png */ = {isa = PBXFileReference; lastKnownFileType = image.png; path = "map@2x.png"; sourceTree = "<group>"; };
		E3249CAB18E9998100BD23B1 /* bg.png */ = {isa = PBXFileReference; lastKnownFileType = image.png; path = bg.png; sourceTree = "<group>"; };
		E333E4A618F4131C007D5490 /* fondu@2X.png */ = {isa = PBXFileReference; lastKnownFileType = image.png; path = "fondu@2X.png"; sourceTree = "<group>"; };
		E35AA12418EDB41D005F1178 /* wifiOn@2x.png */ = {isa = PBXFileReference; lastKnownFileType = image.png; path = "wifiOn@2x.png"; sourceTree = "<group>"; };
		E365EDC518EAF0E200E90D14 /* resa@2x.png */ = {isa = PBXFileReference; lastKnownFileType = image.png; path = "resa@2x.png"; sourceTree = "<group>"; };
		E365EDC718EAF8FC00E90D14 /* Fleche2.png */ = {isa = PBXFileReference; lastKnownFileType = image.png; path = Fleche2.png; sourceTree = "<group>"; };
		E365EDC918EAFC4C00E90D14 /* logoBlack@2x.png */ = {isa = PBXFileReference; lastKnownFileType = image.png; path = "logoBlack@2x.png"; sourceTree = "<group>"; };
		E365EDCB18EAFD8800E90D14 /* separateurDouble.png */ = {isa = PBXFileReference; lastKnownFileType = image.png; path = separateurDouble.png; sourceTree = "<group>"; };
		E37D366B190E5C6600CB0A1C /* mapEnd@2X.png */ = {isa = PBXFileReference; lastKnownFileType = image.png; path = "mapEnd@2X.png"; sourceTree = "<group>"; };
		E37D366C190E5C6600CB0A1C /* mapStart@2X */ = {isa = PBXFileReference; lastKnownFileType = file; path = "mapStart@2X"; sourceTree = "<group>"; };
		E37D366D190E5C6600CB0A1C /* MapNext@2X.png */ = {isa = PBXFileReference; lastKnownFileType = image.png; path = "MapNext@2X.png"; sourceTree = "<group>"; };
		E37D3671190E68CE00CB0A1C /* keyboardPrevious.png */ = {isa = PBXFileReference; lastKnownFileType = image.png; path = keyboardPrevious.png; sourceTree = "<group>"; };
		E37D3672190E68CE00CB0A1C /* keyboardDone.png */ = {isa = PBXFileReference; lastKnownFileType = image.png; path = keyboardDone.png; sourceTree = "<group>"; };
		E37D3673190E68CE00CB0A1C /* keyboardNext.png */ = {isa = PBXFileReference; lastKnownFileType = image.png; path = keyboardNext.png; sourceTree = "<group>"; };
		E37D3677190E6DD100CB0A1C /* ButtonResaCenter@2X.png */ = {isa = PBXFileReference; lastKnownFileType = image.png; path = "ButtonResaCenter@2X.png"; sourceTree = "<group>"; };
		E37D3678190E6DD100CB0A1C /* logout@2X.png */ = {isa = PBXFileReference; lastKnownFileType = image.png; path = "logout@2X.png"; sourceTree = "<group>"; };
		E37D367B190E7DDC00CB0A1C /* Icon.png */ = {isa = PBXFileReference; lastKnownFileType = image.png; path = Icon.png; sourceTree = "<group>"; };
		E37D367D190E974D00CB0A1C /* pinChauffeurOn@2X.png */ = {isa = PBXFileReference; lastKnownFileType = image.png; path = "pinChauffeurOn@2X.png"; sourceTree = "<group>"; };
		E37D367E190E974D00CB0A1C /* pinChauffeurOff@2X.png */ = {isa = PBXFileReference; lastKnownFileType = image.png; path = "pinChauffeurOff@2X.png"; sourceTree = "<group>"; };
		E389BD1F18FD56D90071D6E6 /* encartMap.png */ = {isa = PBXFileReference; lastKnownFileType = image.png; path = encartMap.png; sourceTree = "<group>"; };
		E389BD2118FD59D00071D6E6 /* pinMapStart@2x.png */ = {isa = PBXFileReference; lastKnownFileType = image.png; path = "pinMapStart@2x.png"; sourceTree = "<group>"; };
		E389BD2218FD59D00071D6E6 /* pinMapEnd@2x.png */ = {isa = PBXFileReference; lastKnownFileType = image.png; path = "pinMapEnd@2x.png"; sourceTree = "<group>"; };
		E389BD2518FD5B760071D6E6 /* loupe.png */ = {isa = PBXFileReference; lastKnownFileType = image.png; path = loupe.png; sourceTree = "<group>"; };
		E389BD2718FD5DB20071D6E6 /* validMap.png */ = {isa = PBXFileReference; lastKnownFileType = image.png; path = validMap.png; sourceTree = "<group>"; };
		E389BD2918FD5EB50071D6E6 /* retourPosition.png */ = {isa = PBXFileReference; lastKnownFileType = image.png; path = retourPosition.png; sourceTree = "<group>"; };
		E389BD2B18FD60270071D6E6 /* menuButtonBlue@2x.png */ = {isa = PBXFileReference; lastKnownFileType = image.png; path = "menuButtonBlue@2x.png"; sourceTree = "<group>"; };
		E389BD2C18FD60270071D6E6 /* backButtonBlue@2x.png */ = {isa = PBXFileReference; lastKnownFileType = image.png; path = "backButtonBlue@2x.png"; sourceTree = "<group>"; };
		E389BD3318FD61EA0071D6E6 /* encartMenuMap.png */ = {isa = PBXFileReference; lastKnownFileType = image.png; path = encartMenuMap.png; sourceTree = "<group>"; };
		E389BD3518FD64930071D6E6 /* cibleMap@2x.png */ = {isa = PBXFileReference; lastKnownFileType = image.png; path = "cibleMap@2x.png"; sourceTree = "<group>"; };
		E389BD3718FD6C8B0071D6E6 /* menuButton@2X.png */ = {isa = PBXFileReference; lastKnownFileType = image.png; path = "menuButton@2X.png"; sourceTree = "<group>"; };
		E389BD3818FD6C8B0071D6E6 /* backButton@2x.png */ = {isa = PBXFileReference; lastKnownFileType = image.png; path = "backButton@2x.png"; sourceTree = "<group>"; };
		E389BD3B18FD71AA0071D6E6 /* validDate@2X.png */ = {isa = PBXFileReference; lastKnownFileType = image.png; path = "validDate@2X.png"; sourceTree = "<group>"; };
		E389BD3D18FD739D0071D6E6 /* persoOff.png */ = {isa = PBXFileReference; lastKnownFileType = image.png; path = persoOff.png; sourceTree = "<group>"; };
		E389BD3E18FD739D0071D6E6 /* phoneOff.png */ = {isa = PBXFileReference; lastKnownFileType = image.png; path = phoneOff.png; sourceTree = "<group>"; };
		E38CA753190121F300B8ADEF /* pinMapArrive@2x.png */ = {isa = PBXFileReference; lastKnownFileType = image.png; path = "pinMapArrive@2x.png"; sourceTree = "<group>"; };
		E38CA7551901220800B8ADEF /* pinArrive@2x.png */ = {isa = PBXFileReference; lastKnownFileType = image.png; path = "pinArrive@2x.png"; sourceTree = "<group>"; };
		E38CA75719012F2800B8ADEF /* validResa.png */ = {isa = PBXFileReference; lastKnownFileType = image.png; path = validResa.png; sourceTree = "<group>"; };
		E397E02718FBF708003ACD8D /* actu@2x.png */ = {isa = PBXFileReference; lastKnownFileType = image.png; path = "actu@2x.png"; sourceTree = "<group>"; };
		E397E02918FC2565003ACD8D /* flag.png */ = {isa = PBXFileReference; lastKnownFileType = image.png; path = flag.png; sourceTree = "<group>"; };
		E397E02A18FC2565003ACD8D /* littlePin.png */ = {isa = PBXFileReference; lastKnownFileType = image.png; path = littlePin.png; sourceTree = "<group>"; };
		E397E02B18FC2565003ACD8D /* mailAcc.png */ = {isa = PBXFileReference; lastKnownFileType = image.png; path = mailAcc.png; sourceTree = "<group>"; };
		E397E02C18FC2565003ACD8D /* perso.png */ = {isa = PBXFileReference; lastKnownFileType = image.png; path = perso.png; sourceTree = "<group>"; };
		E397E02D18FC2565003ACD8D /* phone.png */ = {isa = PBXFileReference; lastKnownFileType = image.png; path = phone.png; sourceTree = "<group>"; };
		E3AC4F8E190A902900B8E715 /* watch@2x.png */ = {isa = PBXFileReference; lastKnownFileType = image.png; path = "watch@2x.png"; sourceTree = "<group>"; };
		E3AC4F90190AA63300B8E715 /* FlecheNext@2X.png */ = {isa = PBXFileReference; lastKnownFileType = image.png; path = "FlecheNext@2X.png"; sourceTree = "<group>"; };
		E3BDDEE7190ACE54002AEBFD /* buttonSwitch@2X.png */ = {isa = PBXFileReference; lastKnownFileType = image.png; path = "buttonSwitch@2X.png"; sourceTree = "<group>"; };
		E3C5EAEF190E5AE400E8D373 /* splash@2x.png */ = {isa = PBXFileReference; lastKnownFileType = image.png; path = "splash@2x.png"; sourceTree = "<group>"; };
		E3EF8E2518EAC4040068EC03 /* ButtonMap@2x.png */ = {isa = PBXFileReference; lastKnownFileType = image.png; path = "ButtonMap@2x.png"; sourceTree = "<group>"; };
		E3EF8E2718EAC7630068EC03 /* validation@2x.png */ = {isa = PBXFileReference; lastKnownFileType = image.png; path = "validation@2x.png"; sourceTree = "<group>"; };
		E3EF8E2918EACFCA0068EC03 /* ButtonOption.png */ = {isa = PBXFileReference; lastKnownFileType = image.png; path = ButtonOption.png; sourceTree = "<group>"; };
		E3EF8E2B18EAD05C0068EC03 /* Fleche.png */ = {isa = PBXFileReference; lastKnownFileType = image.png; path = Fleche.png; sourceTree = "<group>"; };
		E3EF8E2D18EAE2780068EC03 /* buttonPassenger@2x.png */ = {isa = PBXFileReference; lastKnownFileType = image.png; path = "buttonPassenger@2x.png"; sourceTree = "<group>"; };
		E3EF8E2F18EAE4930068EC03 /* rond.png */ = {isa = PBXFileReference; lastKnownFileType = image.png; path = rond.png; sourceTree = "<group>"; };
		E3EF8E3118EAE58A0068EC03 /* minus.png */ = {isa = PBXFileReference; lastKnownFileType = image.png; path = minus.png; sourceTree = "<group>"; };
		E3EF8E3218EAE58A0068EC03 /* plus.png */ = {isa = PBXFileReference; lastKnownFileType = image.png; path = plus.png; sourceTree = "<group>"; };
		E3EF8E3518EAE99B0068EC03 /* babyOn@2x.png */ = {isa = PBXFileReference; lastKnownFileType = image.png; path = "babyOn@2x.png"; sourceTree = "<group>"; };
		E3EF8E3718EAE99B0068EC03 /* babyOff@2x.png */ = {isa = PBXFileReference; lastKnownFileType = image.png; path = "babyOff@2x.png"; sourceTree = "<group>"; };
		E3EF8E3818EAE99B0068EC03 /* paperOn@2x.png */ = {isa = PBXFileReference; lastKnownFileType = image.png; path = "paperOn@2x.png"; sourceTree = "<group>"; };
		E3EF8E3918EAE99B0068EC03 /* paperOff@2x.png */ = {isa = PBXFileReference; lastKnownFileType = image.png; path = "paperOff@2x.png"; sourceTree = "<group>"; };
		E3EF8E3A18EAE99B0068EC03 /* wifiOff@2x.png */ = {isa = PBXFileReference; lastKnownFileType = image.png; path = "wifiOff@2x.png"; sourceTree = "<group>"; };
		E3EF8E4118EAEBF10068EC03 /* suitcase.png */ = {isa = PBXFileReference; lastKnownFileType = image.png; path = suitcase.png; sourceTree = "<group>"; };
		E3F01AE119017935000F18C5 /* tuto2.png */ = {isa = PBXFileReference; lastKnownFileType = image.png; path = tuto2.png; sourceTree = "<group>"; };
		E3F01AE219017935000F18C5 /* tuto1.png */ = {isa = PBXFileReference; lastKnownFileType = image.png; path = tuto1.png; sourceTree = "<group>"; };
		E3F01AE319017935000F18C5 /* tuto3.png */ = {isa = PBXFileReference; lastKnownFileType = image.png; path = tuto3.png; sourceTree = "<group>"; };
/* End PBXFileReference section */

/* Begin PBXFrameworksBuildPhase section */
		6D0039DA18E314EC00D6C9E3 /* Frameworks */ = {
			isa = PBXFrameworksBuildPhase;
			buildActionMask = 2147483647;
			files = (
				6D83735318E46C01005A6709 /* MapKit.framework in Frameworks */,
				6D0039E318E314EC00D6C9E3 /* CoreGraphics.framework in Frameworks */,
				6D0039E518E314EC00D6C9E3 /* UIKit.framework in Frameworks */,
				6D0039E118E314EC00D6C9E3 /* Foundation.framework in Frameworks */,
			);
			runOnlyForDeploymentPostprocessing = 0;
		};
		6D0039FE18E314EC00D6C9E3 /* Frameworks */ = {
			isa = PBXFrameworksBuildPhase;
			buildActionMask = 2147483647;
			files = (
				6D003A0318E314EC00D6C9E3 /* XCTest.framework in Frameworks */,
				6D003A0518E314EC00D6C9E3 /* UIKit.framework in Frameworks */,
				6D003A0418E314EC00D6C9E3 /* Foundation.framework in Frameworks */,
			);
			runOnlyForDeploymentPostprocessing = 0;
		};
/* End PBXFrameworksBuildPhase section */

/* Begin PBXGroup section */
		6D0039D418E314EC00D6C9E3 = {
			isa = PBXGroup;
			children = (
				6DAE0BB71901313F00E8158D /* TutoViewController.h */,
				6DAE0BB81901313F00E8158D /* TutoViewController.m */,
				6DAE0BBA1901314E00E8158D /* TarifsViewController.h */,
				6DAE0BBB1901314E00E8158D /* TarifsViewController.m */,
				6DAE0BBD1901315900E8158D /* CGUViewController.h */,
				6DAE0BBE1901315900E8158D /* CGUViewController.m */,
				6DA2AF8818FD314300E91C5A /* SearchAddressTableViewController.h */,
				6DA2AF8918FD314300E91C5A /* SearchAddressTableViewController.m */,
				6D0039E618E314EC00D6C9E3 /* iZicab */,
				6D003A0818E314EC00D6C9E3 /* iZicabTests */,
				6D0039DF18E314EC00D6C9E3 /* Frameworks */,
				6D0039DE18E314EC00D6C9E3 /* Products */,
			);
			sourceTree = "<group>";
		};
		6D0039DE18E314EC00D6C9E3 /* Products */ = {
			isa = PBXGroup;
			children = (
				6D0039DD18E314EC00D6C9E3 /* iZicab.app */,
				6D003A0118E314EC00D6C9E3 /* iZicabTests.xctest */,
			);
			name = Products;
			sourceTree = "<group>";
		};
		6D0039DF18E314EC00D6C9E3 /* Frameworks */ = {
			isa = PBXGroup;
			children = (
				6D83735218E46C01005A6709 /* MapKit.framework */,
				6D0039E018E314EC00D6C9E3 /* Foundation.framework */,
				6D0039E218E314EC00D6C9E3 /* CoreGraphics.framework */,
				6D0039E418E314EC00D6C9E3 /* UIKit.framework */,
				6D003A0218E314EC00D6C9E3 /* XCTest.framework */,
			);
			name = Frameworks;
			sourceTree = "<group>";
		};
		6D0039E618E314EC00D6C9E3 /* iZicab */ = {
			isa = PBXGroup;
			children = (
				6D3161D418E97AD8005ABB3E /* ResaMineCell.h */,
				6D3161D518E97AE6005ABB3E /* ResaMineCell.m */,
				6D53B99618E5BBBB0012C12A /* Main_iPhone.storyboard */,
				6DAE0BC019013ABA00E8158D /* PageViewController.h */,
				6DAE0BC119013ABA00E8158D /* PageViewController.m */,
				6D53B99818E5BDCF0012C12A /* ActuDetailViewController.h */,
				6D53B99918E5BDCF0012C12A /* ActuDetailViewController.m */,
				6D53B99B18E5C2F70012C12A /* ResaMineCell.xib */,
				6DCF530018E43C400037A10C /* ressources */,
				6D0039EF18E314EC00D6C9E3 /* AppDelegate.h */,
				6D0039F018E314EC00D6C9E3 /* AppDelegate.m */,
				6D3161DD18E9AD89005ABB3E /* UserInfoSingleton.h */,
				6D3161DE18E9AD89005ABB3E /* UserInfoSingleton.m */,
				6D3161D718E98149005ABB3E /* Constant.h */,
				6D53B99118E5A7730012C12A /* ActuCell.h */,
				6D53B99218E5A7730012C12A /* ActuCell.m */,
				6D53B99418E5A7A50012C12A /* ActuCellView.xib */,
				6D53B98B18E59D330012C12A /* ShareViewController.h */,
				6D53B98C18E59D330012C12A /* ShareViewController.m */,
				6D83736E18E48A4D005A6709 /* MapViewController.h */,
				6D83736F18E48A4D005A6709 /* MapViewController.m */,
				6D83736B18E47E6B005A6709 /* DashboardSegue.h */,
				6D83736C18E47E6B005A6709 /* DashboardSegue.m */,
				6D3161DA18E98505005ABB3E /* ConnectionData.h */,
				6D3161DB18E98505005ABB3E /* ConnectionData.m */,
				6D0039F518E314EC00D6C9E3 /* Main_iPad.storyboard */,
				6D83734E18E46A94005A6709 /* DashboardViewController.m */,
				6D83734D18E46A94005A6709 /* DashboardViewController.h */,
				6D58EFA2190A64A00066D975 /* Reachability.h */,
				6D58EFA3190A64A00066D975 /* Reachability.m */,
				6DCF530618E44A2B0037A10C /* SignInViewController.h */,
				6DCF530718E44A2B0037A10C /* SignInViewController.m */,
				6DCF530B18E451520037A10C /* CodeViewController.h */,
				6DCF530C18E451520037A10C /* CodeViewController.m */,
				6D53B98218E5901D0012C12A /* RecapViewController.h */,
				6D53B98318E5901D0012C12A /* RecapViewController.m */,
				6D83736818E476A8005A6709 /* ReservationViewController.h */,
				6D83736918E476A8005A6709 /* ReservationViewController.m */,
				6D53B97F18E58EAE0012C12A /* AccountViewController.h */,
				6D53B98018E58EAF0012C12A /* AccountViewController.m */,
				6D0039F818E314EC00D6C9E3 /* SignController.h */,
				6D0039F918E314EC00D6C9E3 /* SignController.m */,
				6D5EFC801907CE8200B69F31 /* CustomViewController.h */,
				6D5EFC811907CE8300B69F31 /* CustomViewController.m */,
				6D53B97C18E58E4E0012C12A /* ResaMineViewController.h */,
				6D53B97D18E58E4E0012C12A /* ResaMineViewController.m */,
				6D53B98518E591C60012C12A /* InvoiceViewController.h */,
				6D53B98618E591C60012C12A /* InvoiceViewController.m */,
				6D53B98818E59CB10012C12A /* ActuViewController.h */,
				6D53B98918E59CB10012C12A /* ActuViewController.m */,
				6D0039FB18E314EC00D6C9E3 /* Images.xcassets */,
				6D0039E718E314EC00D6C9E3 /* Supporting Files */,
				6DCF52FA18E4394A0037A10C /* SignUpViewController.h */,
				6DCF52FB18E4394A0037A10C /* SignUpViewController.m */,
				6DCF52FD18E43BAD0037A10C /* NavigationControlViewController.h */,
				6DCF52FE18E43BAD0037A10C /* NavigationControlViewController.m */,
				6D53B95218E578370012C12A /* CustomNavBar.h */,
				6D53B95318E578370012C12A /* CustomNavBar.m */,
			);
			path = iZicab;
			sourceTree = "<group>";
		};
		6D0039E718E314EC00D6C9E3 /* Supporting Files */ = {
			isa = PBXGroup;
			children = (
				6D0039E818E314EC00D6C9E3 /* iZicab-Info.plist */,
				6D0039E918E314EC00D6C9E3 /* InfoPlist.strings */,
				6D0039EC18E314EC00D6C9E3 /* main.m */,
				6D0039EE18E314EC00D6C9E3 /* iZicab-Prefix.pch */,
			);
			name = "Supporting Files";
			sourceTree = "<group>";
		};
		6D003A0818E314EC00D6C9E3 /* iZicabTests */ = {
			isa = PBXGroup;
			children = (
				6D003A0E18E314ED00D6C9E3 /* iZicabTests.m */,
				6D003A0918E314ED00D6C9E3 /* Supporting Files */,
			);
			path = iZicabTests;
			sourceTree = "<group>";
		};
		6D003A0918E314ED00D6C9E3 /* Supporting Files */ = {
			isa = PBXGroup;
			children = (
				6D003A0A18E314ED00D6C9E3 /* iZicabTests-Info.plist */,
				6D003A0B18E314ED00D6C9E3 /* InfoPlist.strings */,
			);
			name = "Supporting Files";
			sourceTree = "<group>";
		};
		6D53B95718E586FC0012C12A /* RobotoFont */ = {
			isa = PBXGroup;
			children = (
				6D53B95818E586FC0012C12A /* Roboto-Black.ttf */,
				6D53B95918E586FC0012C12A /* Roboto-BlackItalic.ttf */,
				6D53B95A18E586FC0012C12A /* Roboto-Bold.ttf */,
				6D53B95B18E586FC0012C12A /* Roboto-BoldItalic.ttf */,
				6D53B95C18E586FC0012C12A /* Roboto-Italic.ttf */,
				6D53B95D18E586FC0012C12A /* Roboto-Light.ttf */,
				6D53B95E18E586FC0012C12A /* Roboto-LightItalic.ttf */,
				6D53B95F18E586FC0012C12A /* Roboto-Medium.ttf */,
				6D53B96018E586FC0012C12A /* Roboto-MediumItalic.ttf */,
				6D53B96118E586FC0012C12A /* Roboto-Regular.ttf */,
				6D53B96218E586FC0012C12A /* Roboto-Thin.ttf */,
				6D53B96318E586FC0012C12A /* Roboto-ThinItalic.ttf */,
				6D53B96418E586FC0012C12A /* RobotoCondensed-Bold.ttf */,
				6D53B96518E586FC0012C12A /* RobotoCondensed-BoldItalic.ttf */,
				6D53B96618E586FC0012C12A /* RobotoCondensed-Italic.ttf */,
				6D53B96718E586FC0012C12A /* RobotoCondensed-Light.ttf */,
				6D53B96818E586FC0012C12A /* RobotoCondensed-LightItalic.ttf */,
				6D53B96918E586FC0012C12A /* RobotoCondensed-Regular.ttf */,
			);
			path = RobotoFont;
			sourceTree = "<group>";
		};
		6DCF530018E43C400037A10C /* ressources */ = {
			isa = PBXGroup;
			children = (
				E37D367D190E974D00CB0A1C /* pinChauffeurOn@2X.png */,
				E37D367E190E974D00CB0A1C /* pinChauffeurOff@2X.png */,
				E37D367B190E7DDC00CB0A1C /* Icon.png */,
				E37D3677190E6DD100CB0A1C /* ButtonResaCenter@2X.png */,
				E37D3678190E6DD100CB0A1C /* logout@2X.png */,
				E37D3671190E68CE00CB0A1C /* keyboardPrevious.png */,
				E37D3672190E68CE00CB0A1C /* keyboardDone.png */,
				E37D3673190E68CE00CB0A1C /* keyboardNext.png */,
				E37D366B190E5C6600CB0A1C /* mapEnd@2X.png */,
				E37D366C190E5C6600CB0A1C /* mapStart@2X */,
				E37D366D190E5C6600CB0A1C /* MapNext@2X.png */,
				E3C5EAEF190E5AE400E8D373 /* splash@2x.png */,
				E3BDDEE7190ACE54002AEBFD /* buttonSwitch@2X.png */,
				E3AC4F90190AA63300B8E715 /* FlecheNext@2X.png */,
				E3AC4F8E190A902900B8E715 /* watch@2x.png */,
				6DAE0BC519018C2F00E8158D /* tuto4.png */,
				E3F01AE119017935000F18C5 /* tuto2.png */,
				E3F01AE219017935000F18C5 /* tuto1.png */,
				E3F01AE319017935000F18C5 /* tuto3.png */,
				E38CA75719012F2800B8ADEF /* validResa.png */,
				E38CA7551901220800B8ADEF /* pinArrive@2x.png */,
				E38CA753190121F300B8ADEF /* pinMapArrive@2x.png */,
				E389BD3D18FD739D0071D6E6 /* persoOff.png */,
				E389BD3E18FD739D0071D6E6 /* phoneOff.png */,
				E389BD3B18FD71AA0071D6E6 /* validDate@2X.png */,
				E389BD3718FD6C8B0071D6E6 /* menuButton@2X.png */,
				E389BD3818FD6C8B0071D6E6 /* backButton@2x.png */,
				E389BD3518FD64930071D6E6 /* cibleMap@2x.png */,
				E389BD3318FD61EA0071D6E6 /* encartMenuMap.png */,
				E389BD2B18FD60270071D6E6 /* menuButtonBlue@2x.png */,
				E389BD2C18FD60270071D6E6 /* backButtonBlue@2x.png */,
				E389BD2918FD5EB50071D6E6 /* retourPosition.png */,
				E389BD2718FD5DB20071D6E6 /* validMap.png */,
				E389BD2518FD5B760071D6E6 /* loupe.png */,
				E389BD2118FD59D00071D6E6 /* pinMapStart@2x.png */,
				E389BD2218FD59D00071D6E6 /* pinMapEnd@2x.png */,
				E389BD1F18FD56D90071D6E6 /* encartMap.png */,
				E397E02918FC2565003ACD8D /* flag.png */,
				E397E02A18FC2565003ACD8D /* littlePin.png */,
				E397E02B18FC2565003ACD8D /* mailAcc.png */,
				E397E02C18FC2565003ACD8D /* perso.png */,
				E397E02D18FC2565003ACD8D /* phone.png */,
				E31D9B0918F7FCBF007BE3FD /* pinChauffeur@2x.png */,
				E30D1CC718EC31FE00252F1C /* inscription@2x.png */,
				E31C5F2718E9B9B900727ABD /* ButtonView.png */,
				E3EF8E3118EAE58A0068EC03 /* minus.png */,
				E3EF8E3218EAE58A0068EC03 /* plus.png */,
				E31D9B0118F7F216007BE3FD /* carteOff@2x.png */,
				E31D9B0218F7F216007BE3FD /* especeOff@2x.png */,
				E31D9B0318F7F216007BE3FD /* carteOn@2x.png */,
				E31D9B0418F7F216007BE3FD /* especeOn@2x.png */,
				E3EF8E2D18EAE2780068EC03 /* buttonPassenger@2x.png */,
				E365EDC918EAFC4C00E90D14 /* logoBlack@2x.png */,
				E31D9B2718F83A02007BE3FD /* signalResa@2x.png */,
				E31D9B0F18F801F7007BE3FD /* logoMap.png */,
				E31D9AEF18F7E293007BE3FD /* buttonOn.png */,
				E31D9AF018F7E293007BE3FD /* buttonOff.png */,
				E314213F18EEC1C600A52D0D /* loader.gif */,
				E333E4A618F4131C007D5490 /* fondu@2X.png */,
				E31C5F2818E9B9B900727ABD /* ButtonDelete.png */,
				E30D1CCD18EC663000252F1C /* mail@2x.png */,
				6DAF56AE18F41EEF00E5C844 /* bg@2x.png */,
				E30D1CCE18EC663000252F1C /* sms@2x.png */,
				E30D1CCF18EC663000252F1C /* twitter@2x.png */,
				E30D1CD018EC663000252F1C /* linkedin@2x.png */,
				E31D9B1D18F82D73007BE3FD /* HistoOff.png */,
				E31D9B1E18F82D73007BE3FD /* histoOn.png */,
				E31D9B1F18F82D73007BE3FD /* ResaOff.png */,
				E31D9B2018F82D73007BE3FD /* ResaOn.png */,
				E30D1CD118EC663000252F1C /* facebook@2x.png */,
				E3EF8E2518EAC4040068EC03 /* ButtonMap@2x.png */,
				E35AA12418EDB41D005F1178 /* wifiOn@2x.png */,
				E3EF8E3518EAE99B0068EC03 /* babyOn@2x.png */,
				E314213718EEB19800A52D0D /* premiumOff@2x.png */,
				E314213818EEB19800A52D0D /* premiumOn@2x.png */,
				E314213918EEB19800A52D0D /* standardOff@2x.png */,
				E314213A18EEB19800A52D0D /* standardOn@2x.png */,
				E365EDCB18EAFD8800E90D14 /* separateurDouble.png */,
				E3EF8E4118EAEBF10068EC03 /* suitcase.png */,
				E365EDC518EAF0E200E90D14 /* resa@2x.png */,
				E30D1CC518EC275500252F1C /* bigLogo@2x.png */,
				E3EF8E3718EAE99B0068EC03 /* babyOff@2x.png */,
				E3EF8E3818EAE99B0068EC03 /* paperOn@2x.png */,
				E30010EE18EC073E00551FA7 /* Pin.png */,
				E30D1CCB18EC33A400252F1C /* connexion@2x.png */,
				6DAF56AB18F4198100E5C844 /* fondu@2X.png */,
				E3EF8E3918EAE99B0068EC03 /* paperOff@2x.png */,
				E30D1CC218EC1EFE00252F1C /* pinDepart@2x.png */,
				E3EF8E3A18EAE99B0068EC03 /* wifiOff@2x.png */,
				E30010EC18EC06EB00551FA7 /* Pin.png */,
				E365EDC718EAF8FC00E90D14 /* Fleche2.png */,
				E3EF8E2918EACFCA0068EC03 /* ButtonOption.png */,
				E30D1CD718EC673A00252F1C /* googlePlus@2x.png */,
				E31C5F2918E9B9B900727ABD /* ButtonChange.png */,
				E3EF8E2718EAC7630068EC03 /* validation@2x.png */,
				E397E02718FBF708003ACD8D /* actu@2x.png */,
				E3EF8E2F18EAE4930068EC03 /* rond.png */,
				E30010F018EC110000551FA7 /* resa@2x.png */,
				E3EF8E2B18EAD05C0068EC03 /* Fleche.png */,
				E3249CA318E9973700BD23B1 /* Account@2X.png */,
				E3249CA418E9973700BD23B1 /* MesResa@2x.png */,
				E3249CA518E9973700BD23B1 /* map@2x.png */,
				E3249CAB18E9998100BD23B1 /* bg.png */,
				E31C5F2118E9ABE200727ABD /* ActuImageFull.png */,
				E3249CA118E985D700BD23B1 /* ActuImage-01.png */,
				6D53B95718E586FC0012C12A /* RobotoFont */,
				6D83737918E49EAF005A6709 /* datB.png */,
				6D83735E18E47586005A6709 /* ElementAppli-01.png */,
			);
			path = ressources;
			sourceTree = "<group>";
		};
/* End PBXGroup section */

/* Begin PBXNativeTarget section */
		6D0039DC18E314EC00D6C9E3 /* iZicab */ = {
			isa = PBXNativeTarget;
			buildConfigurationList = 6D003A1218E314ED00D6C9E3 /* Build configuration list for PBXNativeTarget "iZicab" */;
			buildPhases = (
				6D0039D918E314EC00D6C9E3 /* Sources */,
				6D0039DA18E314EC00D6C9E3 /* Frameworks */,
				6D0039DB18E314EC00D6C9E3 /* Resources */,
			);
			buildRules = (
			);
			dependencies = (
			);
			name = iZicab;
			productName = iZicab;
			productReference = 6D0039DD18E314EC00D6C9E3 /* iZicab.app */;
			productType = "com.apple.product-type.application";
		};
		6D003A0018E314EC00D6C9E3 /* iZicabTests */ = {
			isa = PBXNativeTarget;
			buildConfigurationList = 6D003A1518E314ED00D6C9E3 /* Build configuration list for PBXNativeTarget "iZicabTests" */;
			buildPhases = (
				6D0039FD18E314EC00D6C9E3 /* Sources */,
				6D0039FE18E314EC00D6C9E3 /* Frameworks */,
				6D0039FF18E314EC00D6C9E3 /* Resources */,
			);
			buildRules = (
			);
			dependencies = (
				6D003A0718E314EC00D6C9E3 /* PBXTargetDependency */,
			);
			name = iZicabTests;
			productName = iZicabTests;
			productReference = 6D003A0118E314EC00D6C9E3 /* iZicabTests.xctest */;
			productType = "com.apple.product-type.bundle.unit-test";
		};
/* End PBXNativeTarget section */

/* Begin PBXProject section */
		6D0039D518E314EC00D6C9E3 /* Project object */ = {
			isa = PBXProject;
			attributes = {
				LastUpgradeCheck = 0500;
				ORGANIZATIONNAME = "Damien ";
				TargetAttributes = {
					6D0039DC18E314EC00D6C9E3 = {
						DevelopmentTeam = LWHS5DCBQU;
					};
					6D003A0018E314EC00D6C9E3 = {
						TestTargetID = 6D0039DC18E314EC00D6C9E3;
					};
				};
			};
			buildConfigurationList = 6D0039D818E314EC00D6C9E3 /* Build configuration list for PBXProject "iZicab" */;
			compatibilityVersion = "Xcode 3.2";
			developmentRegion = English;
			hasScannedForEncodings = 0;
			knownRegions = (
				en,
				Base,
			);
			mainGroup = 6D0039D418E314EC00D6C9E3;
			productRefGroup = 6D0039DE18E314EC00D6C9E3 /* Products */;
			projectDirPath = "";
			projectRoot = "";
			targets = (
				6D0039DC18E314EC00D6C9E3 /* iZicab */,
				6D003A0018E314EC00D6C9E3 /* iZicabTests */,
			);
		};
/* End PBXProject section */

/* Begin PBXResourcesBuildPhase section */
		6D0039DB18E314EC00D6C9E3 /* Resources */ = {
			isa = PBXResourcesBuildPhase;
			buildActionMask = 2147483647;
			files = (
				E31C5F2A18E9B9B900727ABD /* ButtonView.png in Resources */,
				6DAF56AD18F4198100E5C844 /* fondu@2X.png in Resources */,
				6D53B96D18E586FC0012C12A /* Roboto-BoldItalic.ttf in Resources */,
				E3EF8E3E18EAE99B0068EC03 /* paperOn@2x.png in Resources */,
				6D53B96E18E586FC0012C12A /* Roboto-Italic.ttf in Resources */,
				E389BD3F18FD739D0071D6E6 /* persoOff.png in Resources */,
				6D53B97718E586FC0012C12A /* RobotoCondensed-BoldItalic.ttf in Resources */,
				E314213E18EEB19800A52D0D /* standardOn@2x.png in Resources */,
				E30D1CCC18EC33A400252F1C /* connexion@2x.png in Resources */,
				E31D9B2418F82D73007BE3FD /* ResaOff.png in Resources */,
				E37D3675190E68CE00CB0A1C /* keyboardDone.png in Resources */,
				E389BD3C18FD71AA0071D6E6 /* validDate@2X.png in Resources */,
				E37D3670190E5C6600CB0A1C /* MapNext@2X.png in Resources */,
				6D53B97018E586FC0012C12A /* Roboto-LightItalic.ttf in Resources */,
				E3249CAC18E9998100BD23B1 /* bg.png in Resources */,
				E37D366F190E5C6600CB0A1C /* mapStart@2X in Resources */,
				E397E03218FC2565003ACD8D /* phone.png in Resources */,
				E389BD3618FD64930071D6E6 /* cibleMap@2x.png in Resources */,
				E397E03018FC2565003ACD8D /* mailAcc.png in Resources */,
				E314213C18EEB19800A52D0D /* premiumOn@2x.png in Resources */,
				E3F01AE619017935000F18C5 /* tuto3.png in Resources */,
				E3F01AE519017935000F18C5 /* tuto1.png in Resources */,
				E3EF8E3B18EAE99B0068EC03 /* babyOn@2x.png in Resources */,
				6D53B97518E586FC0012C12A /* Roboto-ThinItalic.ttf in Resources */,
				E389BD2318FD59D00071D6E6 /* pinMapStart@2x.png in Resources */,
				6D53B97B18E586FC0012C12A /* RobotoCondensed-Regular.ttf in Resources */,
				E397E03118FC2565003ACD8D /* perso.png in Resources */,
				E3EF8E3418EAE58A0068EC03 /* plus.png in Resources */,
				E389BD2D18FD60270071D6E6 /* menuButtonBlue@2x.png in Resources */,
				6D83737A18E49EAF005A6709 /* datB.png in Resources */,
				E38CA754190121F300B8ADEF /* pinMapArrive@2x.png in Resources */,
				E389BD2618FD5B760071D6E6 /* loupe.png in Resources */,
				6D53B99518E5A7A50012C12A /* ActuCellView.xib in Resources */,
				E38CA75819012F2800B8ADEF /* validResa.png in Resources */,
				E389BD2418FD59D00071D6E6 /* pinMapEnd@2x.png in Resources */,
				E3BDDEE8190ACE54002AEBFD /* buttonSwitch@2X.png in Resources */,
				E31D9B0518F7F216007BE3FD /* carteOff@2x.png in Resources */,
				E35AA12518EDB41D005F1178 /* wifiOn@2x.png in Resources */,
				E31D9B2318F82D73007BE3FD /* histoOn.png in Resources */,
				E3EF8E3018EAE4930068EC03 /* rond.png in Resources */,
				E3249CA918E9973700BD23B1 /* map@2x.png in Resources */,
				E31D9B1018F801F7007BE3FD /* logoMap.png in Resources */,
				E30010F118EC110000551FA7 /* resa@2x.png in Resources */,
				E389BD2E18FD60270071D6E6 /* backButtonBlue@2x.png in Resources */,
				6D0039F718E314EC00D6C9E3 /* Main_iPad.storyboard in Resources */,
				E3EF8E2C18EAD05C0068EC03 /* Fleche.png in Resources */,
				E31D9B0618F7F216007BE3FD /* especeOff@2x.png in Resources */,
				E389BD3418FD61EA0071D6E6 /* encartMenuMap.png in Resources */,
				E31D9B0818F7F216007BE3FD /* especeOn@2x.png in Resources */,
				E37D3680190E974D00CB0A1C /* pinChauffeurOff@2X.png in Resources */,
				E30D1CD218EC663000252F1C /* mail@2x.png in Resources */,
				6D53B97418E586FC0012C12A /* Roboto-Thin.ttf in Resources */,
				6D0039FC18E314EC00D6C9E3 /* Images.xcassets in Resources */,
				E3EF8E3F18EAE99B0068EC03 /* paperOff@2x.png in Resources */,
				E31D9B2818F83A02007BE3FD /* signalResa@2x.png in Resources */,
				E389BD2818FD5DB20071D6E6 /* validMap.png in Resources */,
				6D53B97A18E586FC0012C12A /* RobotoCondensed-LightItalic.ttf in Resources */,
				6D53B96B18E586FC0012C12A /* Roboto-BlackItalic.ttf in Resources */,
				6D53B96F18E586FC0012C12A /* Roboto-Light.ttf in Resources */,
				6D53B99C18E5C2F70012C12A /* ResaMineCell.xib in Resources */,
				E30D1CD318EC663000252F1C /* sms@2x.png in Resources */,
				E3249CA818E9973700BD23B1 /* MesResa@2x.png in Resources */,
				E3EF8E3318EAE58A0068EC03 /* minus.png in Resources */,
				E37D3676190E68CE00CB0A1C /* keyboardNext.png in Resources */,
				E365EDC818EAF8FC00E90D14 /* Fleche2.png in Resources */,
				E314213D18EEB19800A52D0D /* standardOff@2x.png in Resources */,
				E314213B18EEB19800A52D0D /* premiumOff@2x.png in Resources */,
				E37D367C190E7DDC00CB0A1C /* Icon.png in Resources */,
				E30D1CD618EC663000252F1C /* facebook@2x.png in Resources */,
				E37D366E190E5C6600CB0A1C /* mapEnd@2X.png in Resources */,
				6D83736318E47586005A6709 /* ElementAppli-01.png in Resources */,
				6D53B97818E586FC0012C12A /* RobotoCondensed-Italic.ttf in Resources */,
				E3AC4F8F190A902900B8E715 /* watch@2x.png in Resources */,
				E31D9AF218F7E293007BE3FD /* buttonOff.png in Resources */,
				E30D1CD418EC663000252F1C /* twitter@2x.png in Resources */,
				6D53B99718E5BBBB0012C12A /* Main_iPhone.storyboard in Resources */,
				E30D1CD518EC663000252F1C /* linkedin@2x.png in Resources */,
				E31C5F2218E9ABE200727ABD /* ActuImageFull.png in Resources */,
				6D0039EB18E314EC00D6C9E3 /* InfoPlist.strings in Resources */,
				6D53B96A18E586FC0012C12A /* Roboto-Black.ttf in Resources */,
				E30D1CC418EC1EFE00252F1C /* pinDepart@2x.png in Resources */,
				E3EF8E3D18EAE99B0068EC03 /* babyOff@2x.png in Resources */,
				E31C5F2B18E9B9B900727ABD /* ButtonDelete.png in Resources */,
				6DAF56AF18F41EEF00E5C844 /* bg@2x.png in Resources */,
				E397E02818FBF708003ACD8D /* actu@2x.png in Resources */,
				E314214018EEC1C600A52D0D /* loader.gif in Resources */,
				E3EF8E2E18EAE2780068EC03 /* buttonPassenger@2x.png in Resources */,
				E365EDCC18EAFD8800E90D14 /* separateurDouble.png in Resources */,
				E31C5F2C18E9B9B900727ABD /* ButtonChange.png in Resources */,
				E3C5EAF0190E5AE400E8D373 /* splash@2x.png in Resources */,
				E31D9B0A18F7FCBF007BE3FD /* pinChauffeur@2x.png in Resources */,
				E365EDC618EAF0E200E90D14 /* resa@2x.png in Resources */,
				E3249CA218E985D700BD23B1 /* ActuImage-01.png in Resources */,
				E389BD2A18FD5EB50071D6E6 /* retourPosition.png in Resources */,
				6D53B97118E586FC0012C12A /* Roboto-Medium.ttf in Resources */,
				E3EF8E2618EAC4040068EC03 /* ButtonMap@2x.png in Resources */,
				E397E02F18FC2565003ACD8D /* littlePin.png in Resources */,
				E389BD3A18FD6C8B0071D6E6 /* backButton@2x.png in Resources */,
				E3EF8E2A18EACFCA0068EC03 /* ButtonOption.png in Resources */,
				6DAE0BC619018C2F00E8158D /* tuto4.png in Resources */,
				E3249CA718E9973700BD23B1 /* Account@2X.png in Resources */,
				E30D1CC818EC31FE00252F1C /* inscription@2x.png in Resources */,
				E37D367A190E6DD100CB0A1C /* logout@2X.png in Resources */,
				E37D3679190E6DD100CB0A1C /* ButtonResaCenter@2X.png in Resources */,
				E3EF8E2818EAC7640068EC03 /* validation@2x.png in Resources */,
				6D53B97918E586FC0012C12A /* RobotoCondensed-Light.ttf in Resources */,
				E30D1CC618EC275500252F1C /* bigLogo@2x.png in Resources */,
				E31D9B2218F82D73007BE3FD /* HistoOff.png in Resources */,
				E30010ED18EC06EB00551FA7 /* Pin.png in Resources */,
				E30010EF18EC073E00551FA7 /* Pin.png in Resources */,
				E31D9AF118F7E293007BE3FD /* buttonOn.png in Resources */,
				6D53B97318E586FC0012C12A /* Roboto-Regular.ttf in Resources */,
				E3EF8E4218EAEBF10068EC03 /* suitcase.png in Resources */,
				E38CA7561901220800B8ADEF /* pinArrive@2x.png in Resources */,
				E333E4A718F4131C007D5490 /* fondu@2X.png in Resources */,
				E31D9B0718F7F216007BE3FD /* carteOn@2x.png in Resources */,
				E37D367F190E974D00CB0A1C /* pinChauffeurOn@2X.png in Resources */,
				E365EDCA18EAFC4C00E90D14 /* logoBlack@2x.png in Resources */,
				E3AC4F91190AA63300B8E715 /* FlecheNext@2X.png in Resources */,
				E389BD4018FD739D0071D6E6 /* phoneOff.png in Resources */,
				E389BD2018FD56D90071D6E6 /* encartMap.png in Resources */,
				E30D1CD818EC673A00252F1C /* googlePlus@2x.png in Resources */,
				6D53B96C18E586FC0012C12A /* Roboto-Bold.ttf in Resources */,
				E397E02E18FC2565003ACD8D /* flag.png in Resources */,
				E3F01AE419017935000F18C5 /* tuto2.png in Resources */,
				E3EF8E4018EAE99B0068EC03 /* wifiOff@2x.png in Resources */,
				E37D3674190E68CE00CB0A1C /* keyboardPrevious.png in Resources */,
				E31D9B2518F82D73007BE3FD /* ResaOn.png in Resources */,
				6D53B97218E586FC0012C12A /* Roboto-MediumItalic.ttf in Resources */,
				E389BD3918FD6C8B0071D6E6 /* menuButton@2X.png in Resources */,
				6D53B97618E586FC0012C12A /* RobotoCondensed-Bold.ttf in Resources */,
			);
			runOnlyForDeploymentPostprocessing = 0;
		};
		6D0039FF18E314EC00D6C9E3 /* Resources */ = {
			isa = PBXResourcesBuildPhase;
			buildActionMask = 2147483647;
			files = (
				6D003A0D18E314ED00D6C9E3 /* InfoPlist.strings in Resources */,
			);
			runOnlyForDeploymentPostprocessing = 0;
		};
/* End PBXResourcesBuildPhase section */

/* Begin PBXSourcesBuildPhase section */
		6D0039D918E314EC00D6C9E3 /* Sources */ = {
			isa = PBXSourcesBuildPhase;
			buildActionMask = 2147483647;
			files = (
				6DCF530818E44A2B0037A10C /* SignInViewController.m in Sources */,
				6DAE0BBC1901314E00E8158D /* TarifsViewController.m in Sources */,
				6D0039FA18E314EC00D6C9E3 /* SignController.m in Sources */,
				6D3161DF18E9AD89005ABB3E /* UserInfoSingleton.m in Sources */,
				6D58EFA4190A64A00066D975 /* Reachability.m in Sources */,
				6D53B98118E58EAF0012C12A /* AccountViewController.m in Sources */,
				6D5EFC821907CE8300B69F31 /* CustomViewController.m in Sources */,
				6D0039F118E314EC00D6C9E3 /* AppDelegate.m in Sources */,
				6D53B99A18E5BDCF0012C12A /* ActuDetailViewController.m in Sources */,
				6D83735018E46A94005A6709 /* DashboardViewController.m in Sources */,
				6D83736A18E476A8005A6709 /* ReservationViewController.m in Sources */,
				6DCF52FC18E4394A0037A10C /* SignUpViewController.m in Sources */,
				6D83736D18E47E6B005A6709 /* DashboardSegue.m in Sources */,
				6D53B99318E5A7730012C12A /* ActuCell.m in Sources */,
				6D0039ED18E314EC00D6C9E3 /* main.m in Sources */,
				6D53B98A18E59CB10012C12A /* ActuViewController.m in Sources */,
				6D53B98418E5901D0012C12A /* RecapViewController.m in Sources */,
				6DCF52FF18E43BAD0037A10C /* NavigationControlViewController.m in Sources */,
				6DCF530E18E451530037A10C /* CodeViewController.m in Sources */,
				6DA2AF8A18FD314300E91C5A /* SearchAddressTableViewController.m in Sources */,
				6D53B95418E578370012C12A /* CustomNavBar.m in Sources */,
				6D83737018E48A4D005A6709 /* MapViewController.m in Sources */,
				6DAE0BBF1901315900E8158D /* CGUViewController.m in Sources */,
				6D3161DC18E98505005ABB3E /* ConnectionData.m in Sources */,
				6DAE0BB91901313F00E8158D /* TutoViewController.m in Sources */,
				6D53B98718E591C60012C12A /* InvoiceViewController.m in Sources */,
				6D3161D618E97AE6005ABB3E /* ResaMineCell.m in Sources */,
				6D53B98D18E59D330012C12A /* ShareViewController.m in Sources */,
				6D53B97E18E58E4E0012C12A /* ResaMineViewController.m in Sources */,
				6DAE0BC219013ABA00E8158D /* PageViewController.m in Sources */,
			);
			runOnlyForDeploymentPostprocessing = 0;
		};
		6D0039FD18E314EC00D6C9E3 /* Sources */ = {
			isa = PBXSourcesBuildPhase;
			buildActionMask = 2147483647;
			files = (
				6D003A0F18E314ED00D6C9E3 /* iZicabTests.m in Sources */,
			);
			runOnlyForDeploymentPostprocessing = 0;
		};
/* End PBXSourcesBuildPhase section */

/* Begin PBXTargetDependency section */
		6D003A0718E314EC00D6C9E3 /* PBXTargetDependency */ = {
			isa = PBXTargetDependency;
			target = 6D0039DC18E314EC00D6C9E3 /* iZicab */;
			targetProxy = 6D003A0618E314EC00D6C9E3 /* PBXContainerItemProxy */;
		};
/* End PBXTargetDependency section */

/* Begin PBXVariantGroup section */
		6D0039E918E314EC00D6C9E3 /* InfoPlist.strings */ = {
			isa = PBXVariantGroup;
			children = (
				6D0039EA18E314EC00D6C9E3 /* en */,
			);
			name = InfoPlist.strings;
			sourceTree = "<group>";
		};
		6D0039F518E314EC00D6C9E3 /* Main_iPad.storyboard */ = {
			isa = PBXVariantGroup;
			children = (
				6D0039F618E314EC00D6C9E3 /* Base */,
			);
			name = Main_iPad.storyboard;
			sourceTree = "<group>";
		};
		6D003A0B18E314ED00D6C9E3 /* InfoPlist.strings */ = {
			isa = PBXVariantGroup;
			children = (
				6D003A0C18E314ED00D6C9E3 /* en */,
			);
			name = InfoPlist.strings;
			sourceTree = "<group>";
		};
/* End PBXVariantGroup section */

/* Begin XCBuildConfiguration section */
		6D003A1018E314ED00D6C9E3 /* Debug */ = {
			isa = XCBuildConfiguration;
			buildSettings = {
				ALWAYS_SEARCH_USER_PATHS = NO;
				ARCHS = "$(ARCHS_STANDARD_INCLUDING_64_BIT)";
				CLANG_CXX_LANGUAGE_STANDARD = "gnu++0x";
				CLANG_CXX_LIBRARY = "libc++";
				CLANG_ENABLE_MODULES = YES;
				CLANG_ENABLE_OBJC_ARC = YES;
				CLANG_WARN_BOOL_CONVERSION = YES;
				CLANG_WARN_CONSTANT_CONVERSION = YES;
				CLANG_WARN_DIRECT_OBJC_ISA_USAGE = YES_ERROR;
				CLANG_WARN_EMPTY_BODY = YES;
				CLANG_WARN_ENUM_CONVERSION = YES;
				CLANG_WARN_INT_CONVERSION = YES;
				CLANG_WARN_OBJC_ROOT_CLASS = YES_ERROR;
				CLANG_WARN__DUPLICATE_METHOD_MATCH = YES;
				"CODE_SIGN_IDENTITY[sdk=iphoneos*]" = "iPhone Developer";
				COPY_PHASE_STRIP = NO;
				GCC_C_LANGUAGE_STANDARD = gnu99;
				GCC_DYNAMIC_NO_PIC = NO;
				GCC_OPTIMIZATION_LEVEL = 0;
				GCC_PREPROCESSOR_DEFINITIONS = (
					"DEBUG=1",
					"$(inherited)",
				);
				GCC_SYMBOLS_PRIVATE_EXTERN = NO;
				GCC_WARN_64_TO_32_BIT_CONVERSION = YES;
				GCC_WARN_ABOUT_RETURN_TYPE = YES_ERROR;
				GCC_WARN_UNDECLARED_SELECTOR = YES;
				GCC_WARN_UNINITIALIZED_AUTOS = YES;
				GCC_WARN_UNUSED_FUNCTION = YES;
				GCC_WARN_UNUSED_VARIABLE = YES;
				IPHONEOS_DEPLOYMENT_TARGET = 7.0;
				ONLY_ACTIVE_ARCH = YES;
				SDKROOT = iphoneos;
				TARGETED_DEVICE_FAMILY = "1,2";
			};
			name = Debug;
		};
		6D003A1118E314ED00D6C9E3 /* Release */ = {
			isa = XCBuildConfiguration;
			buildSettings = {
				ALWAYS_SEARCH_USER_PATHS = NO;
				ARCHS = "$(ARCHS_STANDARD_INCLUDING_64_BIT)";
				CLANG_CXX_LANGUAGE_STANDARD = "gnu++0x";
				CLANG_CXX_LIBRARY = "libc++";
				CLANG_ENABLE_MODULES = YES;
				CLANG_ENABLE_OBJC_ARC = YES;
				CLANG_WARN_BOOL_CONVERSION = YES;
				CLANG_WARN_CONSTANT_CONVERSION = YES;
				CLANG_WARN_DIRECT_OBJC_ISA_USAGE = YES_ERROR;
				CLANG_WARN_EMPTY_BODY = YES;
				CLANG_WARN_ENUM_CONVERSION = YES;
				CLANG_WARN_INT_CONVERSION = YES;
				CLANG_WARN_OBJC_ROOT_CLASS = YES_ERROR;
				CLANG_WARN__DUPLICATE_METHOD_MATCH = YES;
				"CODE_SIGN_IDENTITY[sdk=iphoneos*]" = "iPhone Developer";
				COPY_PHASE_STRIP = YES;
				ENABLE_NS_ASSERTIONS = NO;
				GCC_C_LANGUAGE_STANDARD = gnu99;
				GCC_WARN_64_TO_32_BIT_CONVERSION = YES;
				GCC_WARN_ABOUT_RETURN_TYPE = YES_ERROR;
				GCC_WARN_UNDECLARED_SELECTOR = YES;
				GCC_WARN_UNINITIALIZED_AUTOS = YES;
				GCC_WARN_UNUSED_FUNCTION = YES;
				GCC_WARN_UNUSED_VARIABLE = YES;
				IPHONEOS_DEPLOYMENT_TARGET = 7.0;
				SDKROOT = iphoneos;
				TARGETED_DEVICE_FAMILY = "1,2";
				VALIDATE_PRODUCT = YES;
			};
			name = Release;
		};
		6D003A1318E314ED00D6C9E3 /* Debug */ = {
			isa = XCBuildConfiguration;
			buildSettings = {
				ASSETCATALOG_COMPILER_APPICON_NAME = AppIcon;
				ASSETCATALOG_COMPILER_LAUNCHIMAGE_NAME = LaunchImage;
				CODE_SIGN_IDENTITY = "iPhone Developer: Damien Benloukil (QAMCPTB5L9)";
				"CODE_SIGN_IDENTITY[sdk=iphoneos*]" = "iPhone Developer: Damien Benloukil (QAMCPTB5L9)";
				GCC_PRECOMPILE_PREFIX_HEADER = YES;
				GCC_PREFIX_HEADER = "iZicab/iZicab-Prefix.pch";
				INFOPLIST_FILE = "iZicab/iZicab-Info.plist";
				PRODUCT_NAME = "$(TARGET_NAME)";
				PROVISIONING_PROFILE = "0ECFF229-E544-4F00-AB93-07CD83C610C2";
				WRAPPER_EXTENSION = app;
			};
			name = Debug;
		};
		6D003A1418E314ED00D6C9E3 /* Release */ = {
			isa = XCBuildConfiguration;
			buildSettings = {
				ASSETCATALOG_COMPILER_APPICON_NAME = AppIcon;
				ASSETCATALOG_COMPILER_LAUNCHIMAGE_NAME = LaunchImage;
				"CODE_SIGN_ENTITLEMENTS[sdk=*]" = "";
				CODE_SIGN_IDENTITY = "iPhone Developer: Damien Benloukil (QAMCPTB5L9)";
				"CODE_SIGN_IDENTITY[sdk=iphoneos*]" = "iPhone Developer: Damien Benloukil (QAMCPTB5L9)";
				GCC_PRECOMPILE_PREFIX_HEADER = YES;
				GCC_PREFIX_HEADER = "iZicab/iZicab-Prefix.pch";
				INFOPLIST_FILE = "iZicab/iZicab-Info.plist";
				PRODUCT_NAME = "$(TARGET_NAME)";
				PROVISIONING_PROFILE = "0ECFF229-E544-4F00-AB93-07CD83C610C2";
				WRAPPER_EXTENSION = app;
			};
			name = Release;
		};
		6D003A1618E314ED00D6C9E3 /* Debug */ = {
			isa = XCBuildConfiguration;
			buildSettings = {
				ARCHS = "$(ARCHS_STANDARD_INCLUDING_64_BIT)";
				BUNDLE_LOADER = "$(BUILT_PRODUCTS_DIR)/iZicab.app/iZicab";
				FRAMEWORK_SEARCH_PATHS = (
					"$(SDKROOT)/Developer/Library/Frameworks",
					"$(inherited)",
					"$(DEVELOPER_FRAMEWORKS_DIR)",
				);
				GCC_PRECOMPILE_PREFIX_HEADER = YES;
				GCC_PREFIX_HEADER = "iZicab/iZicab-Prefix.pch";
				GCC_PREPROCESSOR_DEFINITIONS = (
					"DEBUG=1",
					"$(inherited)",
				);
				INFOPLIST_FILE = "iZicabTests/iZicabTests-Info.plist";
				PRODUCT_NAME = "$(TARGET_NAME)";
				TEST_HOST = "$(BUNDLE_LOADER)";
				WRAPPER_EXTENSION = xctest;
			};
			name = Debug;
		};
		6D003A1718E314ED00D6C9E3 /* Release */ = {
			isa = XCBuildConfiguration;
			buildSettings = {
				ARCHS = "$(ARCHS_STANDARD_INCLUDING_64_BIT)";
				BUNDLE_LOADER = "$(BUILT_PRODUCTS_DIR)/iZicab.app/iZicab";
				FRAMEWORK_SEARCH_PATHS = (
					"$(SDKROOT)/Developer/Library/Frameworks",
					"$(inherited)",
					"$(DEVELOPER_FRAMEWORKS_DIR)",
				);
				GCC_PRECOMPILE_PREFIX_HEADER = YES;
				GCC_PREFIX_HEADER = "iZicab/iZicab-Prefix.pch";
				INFOPLIST_FILE = "iZicabTests/iZicabTests-Info.plist";
				PRODUCT_NAME = "$(TARGET_NAME)";
				TEST_HOST = "$(BUNDLE_LOADER)";
				WRAPPER_EXTENSION = xctest;
			};
			name = Release;
		};
/* End XCBuildConfiguration section */

/* Begin XCConfigurationList section */
		6D0039D818E314EC00D6C9E3 /* Build configuration list for PBXProject "iZicab" */ = {
			isa = XCConfigurationList;
			buildConfigurations = (
				6D003A1018E314ED00D6C9E3 /* Debug */,
				6D003A1118E314ED00D6C9E3 /* Release */,
			);
			defaultConfigurationIsVisible = 0;
			defaultConfigurationName = Release;
		};
		6D003A1218E314ED00D6C9E3 /* Build configuration list for PBXNativeTarget "iZicab" */ = {
			isa = XCConfigurationList;
			buildConfigurations = (
				6D003A1318E314ED00D6C9E3 /* Debug */,
				6D003A1418E314ED00D6C9E3 /* Release */,
			);
			defaultConfigurationIsVisible = 0;
			defaultConfigurationName = Release;
		};
		6D003A1518E314ED00D6C9E3 /* Build configuration list for PBXNativeTarget "iZicabTests" */ = {
			isa = XCConfigurationList;
			buildConfigurations = (
				6D003A1618E314ED00D6C9E3 /* Debug */,
				6D003A1718E314ED00D6C9E3 /* Release */,
			);
			defaultConfigurationIsVisible = 0;
			defaultConfigurationName = Release;
		};
/* End XCConfigurationList section */
	};
	rootObject = 6D0039D518E314EC00D6C9E3 /* Project object */;
}
